<?xml version="1.0" encoding="utf-8"?>
<Project ToolsVersion="17.0" xmlns="http://schemas.microsoft.com/developer/msbuild/2003">
  <ItemGroup>
    <ClCompile Include="D:\Autigravity\wdm2vst\ASMRTOP_Plugins\JUCE\modules\juce_audio_plugin_client\juce_audio_plugin_client_AAX.cpp">
      <Filter>Source Files</Filter>
    </ClCompile>
    <ClCompile Include="D:\Autigravity\wdm2vst\ASMRTOP_Plugins\JUCE\modules\juce_audio_plugin_client\juce_audio_plugin_client_AAX_utils.cpp">
      <Filter>Source Files</Filter>
    </ClCompile>
    <ClCompile Include="D:\Autigravity\wdm2vst\ASMRTOP_Plugins\JUCE\modules\juce_audio_plugin_client\juce_audio_plugin_client_ARA.cpp">
      <Filter>Source Files</Filter>
    </ClCompile>
    <ClCompile Include="D:\Autigravity\wdm2vst\ASMRTOP_Plugins\JUCE\modules\juce_audio_plugin_client\juce_audio_plugin_client_LV2.cpp">
      <Filter>Source Files</Filter>
    </ClCompile>
    <ClCompile Include="D:\Autigravity\wdm2vst\ASMRTOP_Plugins\JUCE\modules\juce_audio_plugin_client\juce_audio_plugin_client_Standalone.cpp">
      <Filter>Source Files</Filter>
    </ClCompile>
    <ClCompile Include="D:\Autigravity\wdm2vst\ASMRTOP_Plugins\JUCE\modules\juce_audio_plugin_client\juce_audio_plugin_client_Unity.cpp">
      <Filter>Source Files</Filter>
    </ClCompile>
    <ClCompile Include="D:\Autigravity\wdm2vst\ASMRTOP_Plugins\JUCE\modules\juce_audio_plugin_client\juce_audio_plugin_client_VST2.cpp">
      <Filter>Source Files</Filter>
    </ClCompile>
    <ClCompile Include="D:\Autigravity\wdm2vst\ASMRTOP_Plugins\JUCE\modules\juce_audio_plugin_client\juce_audio_plugin_client_VST3.cpp">
      <Filter>Source Files</Filter>
    </ClCompile>
  </ItemGroup>
  <ItemGroup>
    <CustomBuild Include="D:\Autigravity\wdm2vst\ASMRTOP_Plugins\CMakeLists.txt" />
  </ItemGroup>
  <ItemGroup>
    <Object Include="D:\Autigravity\wdm2vst\ASMRTOP_Plugins\build_public\ASMRTOP_WDM2VST_rc_lib.dir\$(Configuration)\ASMRTOP_WDM2VST_resources.res">
      <Filter>Object Libraries</Filter>
    </Object>
  </ItemGroup>
  <ItemGroup>
    <Filter Include="Object Libraries">
      <UniqueIdentifier>{2D1D184C-07C3-3E1D-826E-A1AAEA4D41BD}</UniqueIdentifier>
    </Filter>
    <Filter Include="Source Files">
      <UniqueIdentifier>{7F99A88E-254A-3956-BFAD-3AD9A36B8B5D}</UniqueIdentifier>
    </Filter>
  </ItemGroup>
</Project>
