<?xml version="1.0" encoding="utf-8"?>
<Project ToolsVersion="17.0" xmlns="http://schemas.microsoft.com/developer/msbuild/2003">
  <ItemGroup>
    <ClCompile Include="D:\Autigravity\wdm2vst\ASMRTOP_Plugins\Source\Send_PluginProcessor.cpp">
      <Filter>Source Files</Filter>
    </ClCompile>
    <ClCompile Include="D:\Autigravity\wdm2vst\ASMRTOP_Plugins\Source\Send_PluginEditor.cpp">
      <Filter>Source Files</Filter>
    </ClCompile>
    <ClCompile Include="D:\Autigravity\wdm2vst\ASMRTOP_Plugins\JUCE\modules\juce_audio_processors\juce_audio_processors.cpp">
      <Filter>Source Files</Filter>
    </ClCompile>
    <ClCompile Include="D:\Autigravity\wdm2vst\ASMRTOP_Plugins\JUCE\modules\juce_gui_extra\juce_gui_extra.cpp">
      <Filter>Source Files</Filter>
    </ClCompile>
    <ClCompile Include="D:\Autigravity\wdm2vst\ASMRTOP_Plugins\JUCE\modules\juce_gui_basics\juce_gui_basics.cpp">
      <Filter>Source Files</Filter>
    </ClCompile>
    <ClCompile Include="D:\Autigravity\wdm2vst\ASMRTOP_Plugins\JUCE\modules\juce_graphics\juce_graphics.cpp">
      <Filter>Source Files</Filter>
    </ClCompile>
    <ClCompile Include="D:\Autigravity\wdm2vst\ASMRTOP_Plugins\JUCE\modules\juce_graphics\juce_graphics_Harfbuzz.cpp">
      <Filter>Source Files</Filter>
    </ClCompile>
    <ClCompile Include="D:\Autigravity\wdm2vst\ASMRTOP_Plugins\JUCE\modules\juce_graphics\juce_graphics_Sheenbidi.c">
      <Filter>Source Files</Filter>
    </ClCompile>
    <ClCompile Include="D:\Autigravity\wdm2vst\ASMRTOP_Plugins\JUCE\modules\juce_events\juce_events.cpp">
      <Filter>Source Files</Filter>
    </ClCompile>
    <ClCompile Include="D:\Autigravity\wdm2vst\ASMRTOP_Plugins\JUCE\modules\juce_core\juce_core.cpp">
      <Filter>Source Files</Filter>
    </ClCompile>
    <ClCompile Include="D:\Autigravity\wdm2vst\ASMRTOP_Plugins\JUCE\modules\juce_core\juce_core_CompilationTime.cpp">
      <Filter>Source Files</Filter>
    </ClCompile>
    <ClCompile Include="D:\Autigravity\wdm2vst\ASMRTOP_Plugins\JUCE\modules\juce_data_structures\juce_data_structures.cpp">
      <Filter>Source Files</Filter>
    </ClCompile>
    <ClCompile Include="D:\Autigravity\wdm2vst\ASMRTOP_Plugins\JUCE\modules\juce_audio_processors_headless\juce_audio_processors_headless.cpp">
      <Filter>Source Files</Filter>
    </ClCompile>
    <ClCompile Include="D:\Autigravity\wdm2vst\ASMRTOP_Plugins\JUCE\modules\juce_audio_processors_headless\juce_audio_processors_headless_ara.cpp">
      <Filter>Source Files</Filter>
    </ClCompile>
    <ClCompile Include="D:\Autigravity\wdm2vst\ASMRTOP_Plugins\JUCE\modules\juce_audio_processors_headless\juce_audio_processors_headless_lv2_libs.cpp">
      <Filter>Source Files</Filter>
    </ClCompile>
    <ClCompile Include="D:\Autigravity\wdm2vst\ASMRTOP_Plugins\JUCE\modules\juce_audio_basics\juce_audio_basics.cpp">
      <Filter>Source Files</Filter>
    </ClCompile>
    <ClCompile Include="D:\Autigravity\wdm2vst\ASMRTOP_Plugins\JUCE\modules\juce_audio_utils\juce_audio_utils.cpp">
      <Filter>Source Files</Filter>
    </ClCompile>
    <ClCompile Include="D:\Autigravity\wdm2vst\ASMRTOP_Plugins\JUCE\modules\juce_audio_formats\juce_audio_formats.cpp">
      <Filter>Source Files</Filter>
    </ClCompile>
    <ClCompile Include="D:\Autigravity\wdm2vst\ASMRTOP_Plugins\JUCE\modules\juce_audio_devices\juce_audio_devices.cpp">
      <Filter>Source Files</Filter>
    </ClCompile>
  </ItemGroup>
  <ItemGroup>
    <ClInclude Include="D:\Autigravity\wdm2vst\ASMRTOP_Plugins\build_public\ASMRTOP_SEND_artefacts\JuceLibraryCode\JuceHeader.h">
      <Filter>Header Files</Filter>
    </ClInclude>
  </ItemGroup>
  <ItemGroup>
    <CustomBuild Include="D:\Autigravity\wdm2vst\ASMRTOP_Plugins\build_public\CMakeFiles\d99fcac97e3b5a1be2927e785131eb38\JuceHeader.h.rule">
      <Filter>CMake Rules</Filter>
    </CustomBuild>
    <CustomBuild Include="D:\Autigravity\wdm2vst\ASMRTOP_Plugins\CMakeLists.txt" />
  </ItemGroup>
  <ItemGroup>
    <Filter Include="CMake Rules">
      <UniqueIdentifier>{706F6D64-7ACA-3FA7-A85D-D0E726C54F6F}</UniqueIdentifier>
    </Filter>
    <Filter Include="Header Files">
      <UniqueIdentifier>{81D28E2A-F4BB-354B-B172-6CF14DA0544A}</UniqueIdentifier>
    </Filter>
    <Filter Include="Source Files">
      <UniqueIdentifier>{7F99A88E-254A-3956-BFAD-3AD9A36B8B5D}</UniqueIdentifier>
    </Filter>
  </ItemGroup>
</Project>
