
Microsoft Visual Studio Solution File, Format Version 12.00
# Visual Studio Version 17
Project("{2150E333-8FDC-42A3-9474-1A3956D46DE8}") = "ASMRTOP_INST_WDM2VST", "ASMRTOP_INST_WDM2VST", "{1C746F26-E4DF-3F4D-BDD7-71BEF7120B0B}"
EndProject
Project("{2150E333-8FDC-42A3-9474-1A3956D46DE8}") = "ASMRTOP_RECV", "ASMRTOP_RECV", "{CB85DFA3-FCC6-3973-BFBB-DCA5F89CA478}"
EndProject
Project("{2150E333-8FDC-42A3-9474-1A3956D46DE8}") = "ASMRTOP_SEND", "ASMRTOP_SEND", "{FDF371C7-C839-3CE3-8BD2-730642000C9C}"
EndProject
Project("{2150E333-8FDC-42A3-9474-1A3956D46DE8}") = "ASMRTOP_VST2WDM", "ASMRTOP_VST2WDM", "{ABCAF5AE-9BB4-3F6F-B428-6FEBABA1E4BE}"
EndProject
Project("{2150E333-8FDC-42A3-9474-1A3956D46DE8}") = "ASMRTOP_WDM2VST", "ASMRTOP_WDM2VST", "{6550C83C-DEBA-30EC-87E2-B324A280662C}"
EndProject
Project("{2150E333-8FDC-42A3-9474-1A3956D46DE8}") = "CMakePredefinedTargets", "CMakePredefinedTargets", "{49898278-F6F7-3B53-A085-10592BF0365F}"
EndProject
Project("{8BC9CEB8-8B4A-11D0-8D11-00A0C91BC942}") = "ALL_BUILD", "ALL_BUILD.vcxproj", "{0F3015DF-AADA-3287-8D8B-B31C64D9DECF}"
	ProjectSection(ProjectDependencies) = postProject
		{6E2A6D44-A3B9-37CD-AF79-EB08D8B7052A} = {6E2A6D44-A3B9-37CD-AF79-EB08D8B7052A}
		{F2DAEBC3-744A-3CBD-BA8A-5DED9DE84DAA} = {F2DAEBC3-744A-3CBD-BA8A-5DED9DE84DAA}
		{5D27677A-4805-3687-B56D-6A2BCC9863DE} = {5D27677A-4805-3687-B56D-6A2BCC9863DE}
		{943FC80F-B4A3-30A4-85A3-6452F7383C61} = {943FC80F-B4A3-30A4-85A3-6452F7383C61}
		{6DA6DA8A-0AD0-3FEE-BE77-2DCEA5114060} = {6DA6DA8A-0AD0-3FEE-BE77-2DCEA5114060}
		{613EDB24-9923-3E1D-AAFA-AB694264EAE4} = {613EDB24-9923-3E1D-AAFA-AB694264EAE4}
		{85109199-360C-3E40-A362-24B925405730} = {85109199-360C-3E40-A362-24B925405730}
		{F76BAE25-1F58-3171-BF37-47E89D653D21} = {F76BAE25-1F58-3171-BF37-47E89D653D21}
		{22C34D37-DF40-33AA-A964-F83961046814} = {22C34D37-DF40-33AA-A964-F83961046814}
		{93FC813C-35D6-3156-9926-4164B5B532FF} = {93FC813C-35D6-3156-9926-4164B5B532FF}
		{50BE85ED-77DB-3DF7-A9C9-B6D3AA0C192E} = {50BE85ED-77DB-3DF7-A9C9-B6D3AA0C192E}
		{93BEBF6D-B789-3EE6-B8FA-6243618EB96E} = {93BEBF6D-B789-3EE6-B8FA-6243618EB96E}
		{1E0BAE59-7E0C-3BC6-A886-08764C238AB2} = {1E0BAE59-7E0C-3BC6-A886-08764C238AB2}
		{761EC7EB-B0A3-3A91-8707-69E4FE9B229E} = {761EC7EB-B0A3-3A91-8707-69E4FE9B229E}
		{E05EC2EF-BF67-3930-A0AE-BE9874EC9BF2} = {E05EC2EF-BF67-3930-A0AE-BE9874EC9BF2}
		{EB2F27FE-1768-3199-948F-6DF40968825B} = {EB2F27FE-1768-3199-948F-6DF40968825B}
		{516458A5-8A42-3498-AD2F-A3EEA28F8D1E} = {516458A5-8A42-3498-AD2F-A3EEA28F8D1E}
		{ADDA61A9-C410-36EB-B934-0462550AAFDB} = {ADDA61A9-C410-36EB-B934-0462550AAFDB}
		{CA22F556-CD9A-3600-81CC-F4ED6841DAC0} = {CA22F556-CD9A-3600-81CC-F4ED6841DAC0}
		{E65ED13F-30CC-35F5-8540-DC0AE1FC2B83} = {E65ED13F-30CC-35F5-8540-DC0AE1FC2B83}
		{4E23D1E4-C99F-3815-8CD8-627C05E6DB27} = {4E23D1E4-C99F-3815-8CD8-627C05E6DB27}
		{0CD108D7-5F7C-3DDA-9C70-FA9318B61679} = {0CD108D7-5F7C-3DDA-9C70-FA9318B61679}
		{D7D6F72F-75C1-396A-A4FA-0AB1FF1F1992} = {D7D6F72F-75C1-396A-A4FA-0AB1FF1F1992}
		{0C550AC7-402A-3F73-A649-4DB515914BBD} = {0C550AC7-402A-3F73-A649-4DB515914BBD}
		{A808335E-1B6C-3CC1-9EF7-C447D258948D} = {A808335E-1B6C-3CC1-9EF7-C447D258948D}
		{2E90BF9F-92E5-3B80-AC02-9BD7C51719AF} = {2E90BF9F-92E5-3B80-AC02-9BD7C51719AF}
	EndProjectSection
EndProject
Project("{8BC9CEB8-8B4A-11D0-8D11-00A0C91BC942}") = "ASMRTOP_INST_WDM2VST", "ASMRTOP_INST_WDM2VST.vcxproj", "{6E2A6D44-A3B9-37CD-AF79-EB08D8B7052A}"
	ProjectSection(ProjectDependencies) = postProject
		{2E90BF9F-92E5-3B80-AC02-9BD7C51719AF} = {2E90BF9F-92E5-3B80-AC02-9BD7C51719AF}
	EndProjectSection
EndProject
Project("{8BC9CEB8-8B4A-11D0-8D11-00A0C91BC942}") = "ASMRTOP_INST_WDM2VST_All", "ASMRTOP_INST_WDM2VST_All.vcxproj", "{1AC2040B-11F7-3F28-8AA5-D720E6928E26}"
	ProjectSection(ProjectDependencies) = postProject
		{F2DAEBC3-744A-3CBD-BA8A-5DED9DE84DAA} = {F2DAEBC3-744A-3CBD-BA8A-5DED9DE84DAA}
		{5D27677A-4805-3687-B56D-6A2BCC9863DE} = {5D27677A-4805-3687-B56D-6A2BCC9863DE}
		{2E90BF9F-92E5-3B80-AC02-9BD7C51719AF} = {2E90BF9F-92E5-3B80-AC02-9BD7C51719AF}
	EndProjectSection
EndProject
Project("{8BC9CEB8-8B4A-11D0-8D11-00A0C91BC942}") = "ASMRTOP_INST_WDM2VST_Standalone", "ASMRTOP_INST_WDM2VST_Standalone.vcxproj", "{F2DAEBC3-744A-3CBD-BA8A-5DED9DE84DAA}"
	ProjectSection(ProjectDependencies) = postProject
		{6E2A6D44-A3B9-37CD-AF79-EB08D8B7052A} = {6E2A6D44-A3B9-37CD-AF79-EB08D8B7052A}
		{943FC80F-B4A3-30A4-85A3-6452F7383C61} = {943FC80F-B4A3-30A4-85A3-6452F7383C61}
		{2E90BF9F-92E5-3B80-AC02-9BD7C51719AF} = {2E90BF9F-92E5-3B80-AC02-9BD7C51719AF}
	EndProjectSection
EndProject
Project("{8BC9CEB8-8B4A-11D0-8D11-00A0C91BC942}") = "ASMRTOP_INST_WDM2VST_VST3", "ASMRTOP_INST_WDM2VST_VST3.vcxproj", "{5D27677A-4805-3687-B56D-6A2BCC9863DE}"
	ProjectSection(ProjectDependencies) = postProject
		{6E2A6D44-A3B9-37CD-AF79-EB08D8B7052A} = {6E2A6D44-A3B9-37CD-AF79-EB08D8B7052A}
		{943FC80F-B4A3-30A4-85A3-6452F7383C61} = {943FC80F-B4A3-30A4-85A3-6452F7383C61}
		{6DA6DA8A-0AD0-3FEE-BE77-2DCEA5114060} = {6DA6DA8A-0AD0-3FEE-BE77-2DCEA5114060}
		{2E90BF9F-92E5-3B80-AC02-9BD7C51719AF} = {2E90BF9F-92E5-3B80-AC02-9BD7C51719AF}
	EndProjectSection
EndProject
Project("{8BC9CEB8-8B4A-11D0-8D11-00A0C91BC942}") = "ASMRTOP_INST_WDM2VST_rc_lib", "ASMRTOP_INST_WDM2VST_rc_lib.vcxproj", "{943FC80F-B4A3-30A4-85A3-6452F7383C61}"
	ProjectSection(ProjectDependencies) = postProject
		{2E90BF9F-92E5-3B80-AC02-9BD7C51719AF} = {2E90BF9F-92E5-3B80-AC02-9BD7C51719AF}
	EndProjectSection
EndProject
Project("{8BC9CEB8-8B4A-11D0-8D11-00A0C91BC942}") = "ASMRTOP_INST_WDM2VST_vst3_helper", "ASMRTOP_INST_WDM2VST_vst3_helper.vcxproj", "{6DA6DA8A-0AD0-3FEE-BE77-2DCEA5114060}"
	ProjectSection(ProjectDependencies) = postProject
		{2E90BF9F-92E5-3B80-AC02-9BD7C51719AF} = {2E90BF9F-92E5-3B80-AC02-9BD7C51719AF}
	EndProjectSection
EndProject
Project("{8BC9CEB8-8B4A-11D0-8D11-00A0C91BC942}") = "ASMRTOP_RECV", "ASMRTOP_RECV.vcxproj", "{613EDB24-9923-3E1D-AAFA-AB694264EAE4}"
	ProjectSection(ProjectDependencies) = postProject
		{2E90BF9F-92E5-3B80-AC02-9BD7C51719AF} = {2E90BF9F-92E5-3B80-AC02-9BD7C51719AF}
	EndProjectSection
EndProject
Project("{8BC9CEB8-8B4A-11D0-8D11-00A0C91BC942}") = "ASMRTOP_RECV_All", "ASMRTOP_RECV_All.vcxproj", "{8C5BFB84-EF4C-3B5A-B7AB-D2478CD2DDA2}"
	ProjectSection(ProjectDependencies) = postProject
		{85109199-360C-3E40-A362-24B925405730} = {85109199-360C-3E40-A362-24B925405730}
		{F76BAE25-1F58-3171-BF37-47E89D653D21} = {F76BAE25-1F58-3171-BF37-47E89D653D21}
		{2E90BF9F-92E5-3B80-AC02-9BD7C51719AF} = {2E90BF9F-92E5-3B80-AC02-9BD7C51719AF}
	EndProjectSection
EndProject
Project("{8BC9CEB8-8B4A-11D0-8D11-00A0C91BC942}") = "ASMRTOP_RECV_Standalone", "ASMRTOP_RECV_Standalone.vcxproj", "{85109199-360C-3E40-A362-24B925405730}"
	ProjectSection(ProjectDependencies) = postProject
		{613EDB24-9923-3E1D-AAFA-AB694264EAE4} = {613EDB24-9923-3E1D-AAFA-AB694264EAE4}
		{22C34D37-DF40-33AA-A964-F83961046814} = {22C34D37-DF40-33AA-A964-F83961046814}
		{2E90BF9F-92E5-3B80-AC02-9BD7C51719AF} = {2E90BF9F-92E5-3B80-AC02-9BD7C51719AF}
	EndProjectSection
EndProject
Project("{8BC9CEB8-8B4A-11D0-8D11-00A0C91BC942}") = "ASMRTOP_RECV_VST3", "ASMRTOP_RECV_VST3.vcxproj", "{F76BAE25-1F58-3171-BF37-47E89D653D21}"
	ProjectSection(ProjectDependencies) = postProject
		{613EDB24-9923-3E1D-AAFA-AB694264EAE4} = {613EDB24-9923-3E1D-AAFA-AB694264EAE4}
		{22C34D37-DF40-33AA-A964-F83961046814} = {22C34D37-DF40-33AA-A964-F83961046814}
		{93FC813C-35D6-3156-9926-4164B5B532FF} = {93FC813C-35D6-3156-9926-4164B5B532FF}
		{2E90BF9F-92E5-3B80-AC02-9BD7C51719AF} = {2E90BF9F-92E5-3B80-AC02-9BD7C51719AF}
	EndProjectSection
EndProject
Project("{8BC9CEB8-8B4A-11D0-8D11-00A0C91BC942}") = "ASMRTOP_RECV_rc_lib", "ASMRTOP_RECV_rc_lib.vcxproj", "{22C34D37-DF40-33AA-A964-F83961046814}"
	ProjectSection(ProjectDependencies) = postProject
		{2E90BF9F-92E5-3B80-AC02-9BD7C51719AF} = {2E90BF9F-92E5-3B80-AC02-9BD7C51719AF}
	EndProjectSection
EndProject
Project("{8BC9CEB8-8B4A-11D0-8D11-00A0C91BC942}") = "ASMRTOP_RECV_vst3_helper", "ASMRTOP_RECV_vst3_helper.vcxproj", "{93FC813C-35D6-3156-9926-4164B5B532FF}"
	ProjectSection(ProjectDependencies) = postProject
		{2E90BF9F-92E5-3B80-AC02-9BD7C51719AF} = {2E90BF9F-92E5-3B80-AC02-9BD7C51719AF}
	EndProjectSection
EndProject
Project("{8BC9CEB8-8B4A-11D0-8D11-00A0C91BC942}") = "ASMRTOP_SEND", "ASMRTOP_SEND.vcxproj", "{50BE85ED-77DB-3DF7-A9C9-B6D3AA0C192E}"
	ProjectSection(ProjectDependencies) = postProject
		{2E90BF9F-92E5-3B80-AC02-9BD7C51719AF} = {2E90BF9F-92E5-3B80-AC02-9BD7C51719AF}
	EndProjectSection
EndProject
Project("{8BC9CEB8-8B4A-11D0-8D11-00A0C91BC942}") = "ASMRTOP_SEND_All", "ASMRTOP_SEND_All.vcxproj", "{33963C20-F275-3C04-B614-CB3E2E4BF3E9}"
	ProjectSection(ProjectDependencies) = postProject
		{93BEBF6D-B789-3EE6-B8FA-6243618EB96E} = {93BEBF6D-B789-3EE6-B8FA-6243618EB96E}
		{1E0BAE59-7E0C-3BC6-A886-08764C238AB2} = {1E0BAE59-7E0C-3BC6-A886-08764C238AB2}
		{2E90BF9F-92E5-3B80-AC02-9BD7C51719AF} = {2E90BF9F-92E5-3B80-AC02-9BD7C51719AF}
	EndProjectSection
EndProject
Project("{8BC9CEB8-8B4A-11D0-8D11-00A0C91BC942}") = "ASMRTOP_SEND_Standalone", "ASMRTOP_SEND_Standalone.vcxproj", "{93BEBF6D-B789-3EE6-B8FA-6243618EB96E}"
	ProjectSection(ProjectDependencies) = postProject
		{50BE85ED-77DB-3DF7-A9C9-B6D3AA0C192E} = {50BE85ED-77DB-3DF7-A9C9-B6D3AA0C192E}
		{761EC7EB-B0A3-3A91-8707-69E4FE9B229E} = {761EC7EB-B0A3-3A91-8707-69E4FE9B229E}
		{2E90BF9F-92E5-3B80-AC02-9BD7C51719AF} = {2E90BF9F-92E5-3B80-AC02-9BD7C51719AF}
	EndProjectSection
EndProject
Project("{8BC9CEB8-8B4A-11D0-8D11-00A0C91BC942}") = "ASMRTOP_SEND_VST3", "ASMRTOP_SEND_VST3.vcxproj", "{1E0BAE59-7E0C-3BC6-A886-08764C238AB2}"
	ProjectSection(ProjectDependencies) = postProject
		{50BE85ED-77DB-3DF7-A9C9-B6D3AA0C192E} = {50BE85ED-77DB-3DF7-A9C9-B6D3AA0C192E}
		{761EC7EB-B0A3-3A91-8707-69E4FE9B229E} = {761EC7EB-B0A3-3A91-8707-69E4FE9B229E}
		{E05EC2EF-BF67-3930-A0AE-BE9874EC9BF2} = {E05EC2EF-BF67-3930-A0AE-BE9874EC9BF2}
		{2E90BF9F-92E5-3B80-AC02-9BD7C51719AF} = {2E90BF9F-92E5-3B80-AC02-9BD7C51719AF}
	EndProjectSection
EndProject
Project("{8BC9CEB8-8B4A-11D0-8D11-00A0C91BC942}") = "ASMRTOP_SEND_rc_lib", "ASMRTOP_SEND_rc_lib.vcxproj", "{761EC7EB-B0A3-3A91-8707-69E4FE9B229E}"
	ProjectSection(ProjectDependencies) = postProject
		{2E90BF9F-92E5-3B80-AC02-9BD7C51719AF} = {2E90BF9F-92E5-3B80-AC02-9BD7C51719AF}
	EndProjectSection
EndProject
Project("{8BC9CEB8-8B4A-11D0-8D11-00A0C91BC942}") = "ASMRTOP_SEND_vst3_helper", "ASMRTOP_SEND_vst3_helper.vcxproj", "{E05EC2EF-BF67-3930-A0AE-BE9874EC9BF2}"
	ProjectSection(ProjectDependencies) = postProject
		{2E90BF9F-92E5-3B80-AC02-9BD7C51719AF} = {2E90BF9F-92E5-3B80-AC02-9BD7C51719AF}
	EndProjectSection
EndProject
Project("{8BC9CEB8-8B4A-11D0-8D11-00A0C91BC942}") = "ASMRTOP_VST2WDM", "ASMRTOP_VST2WDM.vcxproj", "{EB2F27FE-1768-3199-948F-6DF40968825B}"
	ProjectSection(ProjectDependencies) = postProject
		{2E90BF9F-92E5-3B80-AC02-9BD7C51719AF} = {2E90BF9F-92E5-3B80-AC02-9BD7C51719AF}
	EndProjectSection
EndProject
Project("{8BC9CEB8-8B4A-11D0-8D11-00A0C91BC942}") = "ASMRTOP_VST2WDM_All", "ASMRTOP_VST2WDM_All.vcxproj", "{267AC8A5-CE55-34F5-9960-72EE200A164C}"
	ProjectSection(ProjectDependencies) = postProject
		{516458A5-8A42-3498-AD2F-A3EEA28F8D1E} = {516458A5-8A42-3498-AD2F-A3EEA28F8D1E}
		{ADDA61A9-C410-36EB-B934-0462550AAFDB} = {ADDA61A9-C410-36EB-B934-0462550AAFDB}
		{2E90BF9F-92E5-3B80-AC02-9BD7C51719AF} = {2E90BF9F-92E5-3B80-AC02-9BD7C51719AF}
	EndProjectSection
EndProject
Project("{8BC9CEB8-8B4A-11D0-8D11-00A0C91BC942}") = "ASMRTOP_VST2WDM_Standalone", "ASMRTOP_VST2WDM_Standalone.vcxproj", "{516458A5-8A42-3498-AD2F-A3EEA28F8D1E}"
	ProjectSection(ProjectDependencies) = postProject
		{EB2F27FE-1768-3199-948F-6DF40968825B} = {EB2F27FE-1768-3199-948F-6DF40968825B}
		{CA22F556-CD9A-3600-81CC-F4ED6841DAC0} = {CA22F556-CD9A-3600-81CC-F4ED6841DAC0}
		{2E90BF9F-92E5-3B80-AC02-9BD7C51719AF} = {2E90BF9F-92E5-3B80-AC02-9BD7C51719AF}
	EndProjectSection
EndProject
Project("{8BC9CEB8-8B4A-11D0-8D11-00A0C91BC942}") = "ASMRTOP_VST2WDM_VST3", "ASMRTOP_VST2WDM_VST3.vcxproj", "{ADDA61A9-C410-36EB-B934-0462550AAFDB}"
	ProjectSection(ProjectDependencies) = postProject
		{EB2F27FE-1768-3199-948F-6DF40968825B} = {EB2F27FE-1768-3199-948F-6DF40968825B}
		{CA22F556-CD9A-3600-81CC-F4ED6841DAC0} = {CA22F556-CD9A-3600-81CC-F4ED6841DAC0}
		{E65ED13F-30CC-35F5-8540-DC0AE1FC2B83} = {E65ED13F-30CC-35F5-8540-DC0AE1FC2B83}
		{2E90BF9F-92E5-3B80-AC02-9BD7C51719AF} = {2E90BF9F-92E5-3B80-AC02-9BD7C51719AF}
	EndProjectSection
EndProject
Project("{8BC9CEB8-8B4A-11D0-8D11-00A0C91BC942}") = "ASMRTOP_VST2WDM_rc_lib", "ASMRTOP_VST2WDM_rc_lib.vcxproj", "{CA22F556-CD9A-3600-81CC-F4ED6841DAC0}"
	ProjectSection(ProjectDependencies) = postProject
		{2E90BF9F-92E5-3B80-AC02-9BD7C51719AF} = {2E90BF9F-92E5-3B80-AC02-9BD7C51719AF}
	EndProjectSection
EndProject
Project("{8BC9CEB8-8B4A-11D0-8D11-00A0C91BC942}") = "ASMRTOP_VST2WDM_vst3_helper", "ASMRTOP_VST2WDM_vst3_helper.vcxproj", "{E65ED13F-30CC-35F5-8540-DC0AE1FC2B83}"
	ProjectSection(ProjectDependencies) = postProject
		{2E90BF9F-92E5-3B80-AC02-9BD7C51719AF} = {2E90BF9F-92E5-3B80-AC02-9BD7C51719AF}
	EndProjectSection
EndProject
Project("{8BC9CEB8-8B4A-11D0-8D11-00A0C91BC942}") = "ASMRTOP_WDM2VST", "ASMRTOP_WDM2VST.vcxproj", "{4E23D1E4-C99F-3815-8CD8-627C05E6DB27}"
	ProjectSection(ProjectDependencies) = postProject
		{2E90BF9F-92E5-3B80-AC02-9BD7C51719AF} = {2E90BF9F-92E5-3B80-AC02-9BD7C51719AF}
	EndProjectSection
EndProject
Project("{8BC9CEB8-8B4A-11D0-8D11-00A0C91BC942}") = "ASMRTOP_WDM2VST_All", "ASMRTOP_WDM2VST_All.vcxproj", "{8AFBB7A9-90E4-338F-ADF1-82DAA644E7ED}"
	ProjectSection(ProjectDependencies) = postProject
		{0CD108D7-5F7C-3DDA-9C70-FA9318B61679} = {0CD108D7-5F7C-3DDA-9C70-FA9318B61679}
		{D7D6F72F-75C1-396A-A4FA-0AB1FF1F1992} = {D7D6F72F-75C1-396A-A4FA-0AB1FF1F1992}
		{2E90BF9F-92E5-3B80-AC02-9BD7C51719AF} = {2E90BF9F-92E5-3B80-AC02-9BD7C51719AF}
	EndProjectSection
EndProject
Project("{8BC9CEB8-8B4A-11D0-8D11-00A0C91BC942}") = "ASMRTOP_WDM2VST_Standalone", "ASMRTOP_WDM2VST_Standalone.vcxproj", "{0CD108D7-5F7C-3DDA-9C70-FA9318B61679}"
	ProjectSection(ProjectDependencies) = postProject
		{4E23D1E4-C99F-3815-8CD8-627C05E6DB27} = {4E23D1E4-C99F-3815-8CD8-627C05E6DB27}
		{0C550AC7-402A-3F73-A649-4DB515914BBD} = {0C550AC7-402A-3F73-A649-4DB515914BBD}
		{2E90BF9F-92E5-3B80-AC02-9BD7C51719AF} = {2E90BF9F-92E5-3B80-AC02-9BD7C51719AF}
	EndProjectSection
EndProject
Project("{8BC9CEB8-8B4A-11D0-8D11-00A0C91BC942}") = "ASMRTOP_WDM2VST_VST3", "ASMRTOP_WDM2VST_VST3.vcxproj", "{D7D6F72F-75C1-396A-A4FA-0AB1FF1F1992}"
	ProjectSection(ProjectDependencies) = postProject
		{4E23D1E4-C99F-3815-8CD8-627C05E6DB27} = {4E23D1E4-C99F-3815-8CD8-627C05E6DB27}
		{0C550AC7-402A-3F73-A649-4DB515914BBD} = {0C550AC7-402A-3F73-A649-4DB515914BBD}
		{A808335E-1B6C-3CC1-9EF7-C447D258948D} = {A808335E-1B6C-3CC1-9EF7-C447D258948D}
		{2E90BF9F-92E5-3B80-AC02-9BD7C51719AF} = {2E90BF9F-92E5-3B80-AC02-9BD7C51719AF}
	EndProjectSection
EndProject
Project("{8BC9CEB8-8B4A-11D0-8D11-00A0C91BC942}") = "ASMRTOP_WDM2VST_rc_lib", "ASMRTOP_WDM2VST_rc_lib.vcxproj", "{0C550AC7-402A-3F73-A649-4DB515914BBD}"
	ProjectSection(ProjectDependencies) = postProject
		{2E90BF9F-92E5-3B80-AC02-9BD7C51719AF} = {2E90BF9F-92E5-3B80-AC02-9BD7C51719AF}
	EndProjectSection
EndProject
Project("{8BC9CEB8-8B4A-11D0-8D11-00A0C91BC942}") = "ASMRTOP_WDM2VST_vst3_helper", "ASMRTOP_WDM2VST_vst3_helper.vcxproj", "{A808335E-1B6C-3CC1-9EF7-C447D258948D}"
	ProjectSection(ProjectDependencies) = postProject
		{2E90BF9F-92E5-3B80-AC02-9BD7C51719AF} = {2E90BF9F-92E5-3B80-AC02-9BD7C51719AF}
	EndProjectSection
EndProject
Project("{8BC9CEB8-8B4A-11D0-8D11-00A0C91BC942}") = "INSTALL", "INSTALL.vcxproj", "{7E748311-1CF4-3192-BCF5-3C45741A35B1}"
	ProjectSection(ProjectDependencies) = postProject
		{0F3015DF-AADA-3287-8D8B-B31C64D9DECF} = {0F3015DF-AADA-3287-8D8B-B31C64D9DECF}
		{2E90BF9F-92E5-3B80-AC02-9BD7C51719AF} = {2E90BF9F-92E5-3B80-AC02-9BD7C51719AF}
	EndProjectSection
EndProject
Project("{8BC9CEB8-8B4A-11D0-8D11-00A0C91BC942}") = "ZERO_CHECK", "ZERO_CHECK.vcxproj", "{2E90BF9F-92E5-3B80-AC02-9BD7C51719AF}"
	ProjectSection(ProjectDependencies) = postProject
	EndProjectSection
EndProject
Global
	GlobalSection(SolutionConfigurationPlatforms) = preSolution
		Debug|x64 = Debug|x64
		Release|x64 = Release|x64
		MinSizeRel|x64 = MinSizeRel|x64
		RelWithDebInfo|x64 = RelWithDebInfo|x64
	EndGlobalSection
	GlobalSection(ProjectConfigurationPlatforms) = postSolution
		{0F3015DF-AADA-3287-8D8B-B31C64D9DECF}.Debug|x64.ActiveCfg = Debug|x64
		{0F3015DF-AADA-3287-8D8B-B31C64D9DECF}.Debug|x64.Build.0 = Debug|x64
		{0F3015DF-AADA-3287-8D8B-B31C64D9DECF}.Release|x64.ActiveCfg = Release|x64
		{0F3015DF-AADA-3287-8D8B-B31C64D9DECF}.Release|x64.Build.0 = Release|x64
		{0F3015DF-AADA-3287-8D8B-B31C64D9DECF}.MinSizeRel|x64.ActiveCfg = MinSizeRel|x64
		{0F3015DF-AADA-3287-8D8B-B31C64D9DECF}.MinSizeRel|x64.Build.0 = MinSizeRel|x64
		{0F3015DF-AADA-3287-8D8B-B31C64D9DECF}.RelWithDebInfo|x64.ActiveCfg = RelWithDebInfo|x64
		{0F3015DF-AADA-3287-8D8B-B31C64D9DECF}.RelWithDebInfo|x64.Build.0 = RelWithDebInfo|x64
		{6E2A6D44-A3B9-37CD-AF79-EB08D8B7052A}.Debug|x64.ActiveCfg = Debug|x64
		{6E2A6D44-A3B9-37CD-AF79-EB08D8B7052A}.Debug|x64.Build.0 = Debug|x64
		{6E2A6D44-A3B9-37CD-AF79-EB08D8B7052A}.Release|x64.ActiveCfg = Release|x64
		{6E2A6D44-A3B9-37CD-AF79-EB08D8B7052A}.Release|x64.Build.0 = Release|x64
		{6E2A6D44-A3B9-37CD-AF79-EB08D8B7052A}.MinSizeRel|x64.ActiveCfg = MinSizeRel|x64
		{6E2A6D44-A3B9-37CD-AF79-EB08D8B7052A}.MinSizeRel|x64.Build.0 = MinSizeRel|x64
		{6E2A6D44-A3B9-37CD-AF79-EB08D8B7052A}.RelWithDebInfo|x64.ActiveCfg = RelWithDebInfo|x64
		{6E2A6D44-A3B9-37CD-AF79-EB08D8B7052A}.RelWithDebInfo|x64.Build.0 = RelWithDebInfo|x64
		{1AC2040B-11F7-3F28-8AA5-D720E6928E26}.Debug|x64.ActiveCfg = Debug|x64
		{1AC2040B-11F7-3F28-8AA5-D720E6928E26}.Release|x64.ActiveCfg = Release|x64
		{1AC2040B-11F7-3F28-8AA5-D720E6928E26}.MinSizeRel|x64.ActiveCfg = MinSizeRel|x64
		{1AC2040B-11F7-3F28-8AA5-D720E6928E26}.RelWithDebInfo|x64.ActiveCfg = RelWithDebInfo|x64
		{F2DAEBC3-744A-3CBD-BA8A-5DED9DE84DAA}.Debug|x64.ActiveCfg = Debug|x64
		{F2DAEBC3-744A-3CBD-BA8A-5DED9DE84DAA}.Debug|x64.Build.0 = Debug|x64
		{F2DAEBC3-744A-3CBD-BA8A-5DED9DE84DAA}.Release|x64.ActiveCfg = Release|x64
		{F2DAEBC3-744A-3CBD-BA8A-5DED9DE84DAA}.Release|x64.Build.0 = Release|x64
		{F2DAEBC3-744A-3CBD-BA8A-5DED9DE84DAA}.MinSizeRel|x64.ActiveCfg = MinSizeRel|x64
		{F2DAEBC3-744A-3CBD-BA8A-5DED9DE84DAA}.MinSizeRel|x64.Build.0 = MinSizeRel|x64
		{F2DAEBC3-744A-3CBD-BA8A-5DED9DE84DAA}.RelWithDebInfo|x64.ActiveCfg = RelWithDebInfo|x64
		{F2DAEBC3-744A-3CBD-BA8A-5DED9DE84DAA}.RelWithDebInfo|x64.Build.0 = RelWithDebInfo|x64
		{5D27677A-4805-3687-B56D-6A2BCC9863DE}.Debug|x64.ActiveCfg = Debug|x64
		{5D27677A-4805-3687-B56D-6A2BCC9863DE}.Debug|x64.Build.0 = Debug|x64
		{5D27677A-4805-3687-B56D-6A2BCC9863DE}.Release|x64.ActiveCfg = Release|x64
		{5D27677A-4805-3687-B56D-6A2BCC9863DE}.Release|x64.Build.0 = Release|x64
		{5D27677A-4805-3687-B56D-6A2BCC9863DE}.MinSizeRel|x64.ActiveCfg = MinSizeRel|x64
		{5D27677A-4805-3687-B56D-6A2BCC9863DE}.MinSizeRel|x64.Build.0 = MinSizeRel|x64
		{5D27677A-4805-3687-B56D-6A2BCC9863DE}.RelWithDebInfo|x64.ActiveCfg = RelWithDebInfo|x64
		{5D27677A-4805-3687-B56D-6A2BCC9863DE}.RelWithDebInfo|x64.Build.0 = RelWithDebInfo|x64
		{943FC80F-B4A3-30A4-85A3-6452F7383C61}.Debug|x64.ActiveCfg = Debug|x64
		{943FC80F-B4A3-30A4-85A3-6452F7383C61}.Debug|x64.Build.0 = Debug|x64
		{943FC80F-B4A3-30A4-85A3-6452F7383C61}.Release|x64.ActiveCfg = Release|x64
		{943FC80F-B4A3-30A4-85A3-6452F7383C61}.Release|x64.Build.0 = Release|x64
		{943FC80F-B4A3-30A4-85A3-6452F7383C61}.MinSizeRel|x64.ActiveCfg = MinSizeRel|x64
		{943FC80F-B4A3-30A4-85A3-6452F7383C61}.MinSizeRel|x64.Build.0 = MinSizeRel|x64
		{943FC80F-B4A3-30A4-85A3-6452F7383C61}.RelWithDebInfo|x64.ActiveCfg = RelWithDebInfo|x64
		{943FC80F-B4A3-30A4-85A3-6452F7383C61}.RelWithDebInfo|x64.Build.0 = RelWithDebInfo|x64
		{6DA6DA8A-0AD0-3FEE-BE77-2DCEA5114060}.Debug|x64.ActiveCfg = Debug|x64
		{6DA6DA8A-0AD0-3FEE-BE77-2DCEA5114060}.Debug|x64.Build.0 = Debug|x64
		{6DA6DA8A-0AD0-3FEE-BE77-2DCEA5114060}.Release|x64.ActiveCfg = Release|x64
		{6DA6DA8A-0AD0-3FEE-BE77-2DCEA5114060}.Release|x64.Build.0 = Release|x64
		{6DA6DA8A-0AD0-3FEE-BE77-2DCEA5114060}.MinSizeRel|x64.ActiveCfg = MinSizeRel|x64
		{6DA6DA8A-0AD0-3FEE-BE77-2DCEA5114060}.MinSizeRel|x64.Build.0 = MinSizeRel|x64
		{6DA6DA8A-0AD0-3FEE-BE77-2DCEA5114060}.RelWithDebInfo|x64.ActiveCfg = RelWithDebInfo|x64
		{6DA6DA8A-0AD0-3FEE-BE77-2DCEA5114060}.RelWithDebInfo|x64.Build.0 = RelWithDebInfo|x64
		{613EDB24-9923-3E1D-AAFA-AB694264EAE4}.Debug|x64.ActiveCfg = Debug|x64
		{613EDB24-9923-3E1D-AAFA-AB694264EAE4}.Debug|x64.Build.0 = Debug|x64
		{613EDB24-9923-3E1D-AAFA-AB694264EAE4}.Release|x64.ActiveCfg = Release|x64
		{613EDB24-9923-3E1D-AAFA-AB694264EAE4}.Release|x64.Build.0 = Release|x64
		{613EDB24-9923-3E1D-AAFA-AB694264EAE4}.MinSizeRel|x64.ActiveCfg = MinSizeRel|x64
		{613EDB24-9923-3E1D-AAFA-AB694264EAE4}.MinSizeRel|x64.Build.0 = MinSizeRel|x64
		{613EDB24-9923-3E1D-AAFA-AB694264EAE4}.RelWithDebInfo|x64.ActiveCfg = RelWithDebInfo|x64
		{613EDB24-9923-3E1D-AAFA-AB694264EAE4}.RelWithDebInfo|x64.Build.0 = RelWithDebInfo|x64
		{8C5BFB84-EF4C-3B5A-B7AB-D2478CD2DDA2}.Debug|x64.ActiveCfg = Debug|x64
		{8C5BFB84-EF4C-3B5A-B7AB-D2478CD2DDA2}.Release|x64.ActiveCfg = Release|x64
		{8C5BFB84-EF4C-3B5A-B7AB-D2478CD2DDA2}.MinSizeRel|x64.ActiveCfg = MinSizeRel|x64
		{8C5BFB84-EF4C-3B5A-B7AB-D2478CD2DDA2}.RelWithDebInfo|x64.ActiveCfg = RelWithDebInfo|x64
		{85109199-360C-3E40-A362-24B925405730}.Debug|x64.ActiveCfg = Debug|x64
		{85109199-360C-3E40-A362-24B925405730}.Debug|x64.Build.0 = Debug|x64
		{85109199-360C-3E40-A362-24B925405730}.Release|x64.ActiveCfg = Release|x64
		{85109199-360C-3E40-A362-24B925405730}.Release|x64.Build.0 = Release|x64
		{85109199-360C-3E40-A362-24B925405730}.MinSizeRel|x64.ActiveCfg = MinSizeRel|x64
		{85109199-360C-3E40-A362-24B925405730}.MinSizeRel|x64.Build.0 = MinSizeRel|x64
		{85109199-360C-3E40-A362-24B925405730}.RelWithDebInfo|x64.ActiveCfg = RelWithDebInfo|x64
		{85109199-360C-3E40-A362-24B925405730}.RelWithDebInfo|x64.Build.0 = RelWithDebInfo|x64
		{F76BAE25-1F58-3171-BF37-47E89D653D21}.Debug|x64.ActiveCfg = Debug|x64
		{F76BAE25-1F58-3171-BF37-47E89D653D21}.Debug|x64.Build.0 = Debug|x64
		{F76BAE25-1F58-3171-BF37-47E89D653D21}.Release|x64.ActiveCfg = Release|x64
		{F76BAE25-1F58-3171-BF37-47E89D653D21}.Release|x64.Build.0 = Release|x64
		{F76BAE25-1F58-3171-BF37-47E89D653D21}.MinSizeRel|x64.ActiveCfg = MinSizeRel|x64
		{F76BAE25-1F58-3171-BF37-47E89D653D21}.MinSizeRel|x64.Build.0 = MinSizeRel|x64
		{F76BAE25-1F58-3171-BF37-47E89D653D21}.RelWithDebInfo|x64.ActiveCfg = RelWithDebInfo|x64
		{F76BAE25-1F58-3171-BF37-47E89D653D21}.RelWithDebInfo|x64.Build.0 = RelWithDebInfo|x64
		{22C34D37-DF40-33AA-A964-F83961046814}.Debug|x64.ActiveCfg = Debug|x64
		{22C34D37-DF40-33AA-A964-F83961046814}.Debug|x64.Build.0 = Debug|x64
		{22C34D37-DF40-33AA-A964-F83961046814}.Release|x64.ActiveCfg = Release|x64
		{22C34D37-DF40-33AA-A964-F83961046814}.Release|x64.Build.0 = Release|x64
		{22C34D37-DF40-33AA-A964-F83961046814}.MinSizeRel|x64.ActiveCfg = MinSizeRel|x64
		{22C34D37-DF40-33AA-A964-F83961046814}.MinSizeRel|x64.Build.0 = MinSizeRel|x64
		{22C34D37-DF40-33AA-A964-F83961046814}.RelWithDebInfo|x64.ActiveCfg = RelWithDebInfo|x64
		{22C34D37-DF40-33AA-A964-F83961046814}.RelWithDebInfo|x64.Build.0 = RelWithDebInfo|x64
		{93FC813C-35D6-3156-9926-4164B5B532FF}.Debug|x64.ActiveCfg = Debug|x64
		{93FC813C-35D6-3156-9926-4164B5B532FF}.Debug|x64.Build.0 = Debug|x64
		{93FC813C-35D6-3156-9926-4164B5B532FF}.Release|x64.ActiveCfg = Release|x64
		{93FC813C-35D6-3156-9926-4164B5B532FF}.Release|x64.Build.0 = Release|x64
		{93FC813C-35D6-3156-9926-4164B5B532FF}.MinSizeRel|x64.ActiveCfg = MinSizeRel|x64
		{93FC813C-35D6-3156-9926-4164B5B532FF}.MinSizeRel|x64.Build.0 = MinSizeRel|x64
		{93FC813C-35D6-3156-9926-4164B5B532FF}.RelWithDebInfo|x64.ActiveCfg = RelWithDebInfo|x64
		{93FC813C-35D6-3156-9926-4164B5B532FF}.RelWithDebInfo|x64.Build.0 = RelWithDebInfo|x64
		{50BE85ED-77DB-3DF7-A9C9-B6D3AA0C192E}.Debug|x64.ActiveCfg = Debug|x64
		{50BE85ED-77DB-3DF7-A9C9-B6D3AA0C192E}.Debug|x64.Build.0 = Debug|x64
		{50BE85ED-77DB-3DF7-A9C9-B6D3AA0C192E}.Release|x64.ActiveCfg = Release|x64
		{50BE85ED-77DB-3DF7-A9C9-B6D3AA0C192E}.Release|x64.Build.0 = Release|x64
		{50BE85ED-77DB-3DF7-A9C9-B6D3AA0C192E}.MinSizeRel|x64.ActiveCfg = MinSizeRel|x64
		{50BE85ED-77DB-3DF7-A9C9-B6D3AA0C192E}.MinSizeRel|x64.Build.0 = MinSizeRel|x64
		{50BE85ED-77DB-3DF7-A9C9-B6D3AA0C192E}.RelWithDebInfo|x64.ActiveCfg = RelWithDebInfo|x64
		{50BE85ED-77DB-3DF7-A9C9-B6D3AA0C192E}.RelWithDebInfo|x64.Build.0 = RelWithDebInfo|x64
		{33963C20-F275-3C04-B614-CB3E2E4BF3E9}.Debug|x64.ActiveCfg = Debug|x64
		{33963C20-F275-3C04-B614-CB3E2E4BF3E9}.Release|x64.ActiveCfg = Release|x64
		{33963C20-F275-3C04-B614-CB3E2E4BF3E9}.MinSizeRel|x64.ActiveCfg = MinSizeRel|x64
		{33963C20-F275-3C04-B614-CB3E2E4BF3E9}.RelWithDebInfo|x64.ActiveCfg = RelWithDebInfo|x64
		{93BEBF6D-B789-3EE6-B8FA-6243618EB96E}.Debug|x64.ActiveCfg = Debug|x64
		{93BEBF6D-B789-3EE6-B8FA-6243618EB96E}.Debug|x64.Build.0 = Debug|x64
		{93BEBF6D-B789-3EE6-B8FA-6243618EB96E}.Release|x64.ActiveCfg = Release|x64
		{93BEBF6D-B789-3EE6-B8FA-6243618EB96E}.Release|x64.Build.0 = Release|x64
		{93BEBF6D-B789-3EE6-B8FA-6243618EB96E}.MinSizeRel|x64.ActiveCfg = MinSizeRel|x64
		{93BEBF6D-B789-3EE6-B8FA-6243618EB96E}.MinSizeRel|x64.Build.0 = MinSizeRel|x64
		{93BEBF6D-B789-3EE6-B8FA-6243618EB96E}.RelWithDebInfo|x64.ActiveCfg = RelWithDebInfo|x64
		{93BEBF6D-B789-3EE6-B8FA-6243618EB96E}.RelWithDebInfo|x64.Build.0 = RelWithDebInfo|x64
		{1E0BAE59-7E0C-3BC6-A886-08764C238AB2}.Debug|x64.ActiveCfg = Debug|x64
		{1E0BAE59-7E0C-3BC6-A886-08764C238AB2}.Debug|x64.Build.0 = Debug|x64
		{1E0BAE59-7E0C-3BC6-A886-08764C238AB2}.Release|x64.ActiveCfg = Release|x64
		{1E0BAE59-7E0C-3BC6-A886-08764C238AB2}.Release|x64.Build.0 = Release|x64
		{1E0BAE59-7E0C-3BC6-A886-08764C238AB2}.MinSizeRel|x64.ActiveCfg = MinSizeRel|x64
		{1E0BAE59-7E0C-3BC6-A886-08764C238AB2}.MinSizeRel|x64.Build.0 = MinSizeRel|x64
		{1E0BAE59-7E0C-3BC6-A886-08764C238AB2}.RelWithDebInfo|x64.ActiveCfg = RelWithDebInfo|x64
		{1E0BAE59-7E0C-3BC6-A886-08764C238AB2}.RelWithDebInfo|x64.Build.0 = RelWithDebInfo|x64
		{761EC7EB-B0A3-3A91-8707-69E4FE9B229E}.Debug|x64.ActiveCfg = Debug|x64
		{761EC7EB-B0A3-3A91-8707-69E4FE9B229E}.Debug|x64.Build.0 = Debug|x64
		{761EC7EB-B0A3-3A91-8707-69E4FE9B229E}.Release|x64.ActiveCfg = Release|x64
		{761EC7EB-B0A3-3A91-8707-69E4FE9B229E}.Release|x64.Build.0 = Release|x64
		{761EC7EB-B0A3-3A91-8707-69E4FE9B229E}.MinSizeRel|x64.ActiveCfg = MinSizeRel|x64
		{761EC7EB-B0A3-3A91-8707-69E4FE9B229E}.MinSizeRel|x64.Build.0 = MinSizeRel|x64
		{761EC7EB-B0A3-3A91-8707-69E4FE9B229E}.RelWithDebInfo|x64.ActiveCfg = RelWithDebInfo|x64
		{761EC7EB-B0A3-3A91-8707-69E4FE9B229E}.RelWithDebInfo|x64.Build.0 = RelWithDebInfo|x64
		{E05EC2EF-BF67-3930-A0AE-BE9874EC9BF2}.Debug|x64.ActiveCfg = Debug|x64
		{E05EC2EF-BF67-3930-A0AE-BE9874EC9BF2}.Debug|x64.Build.0 = Debug|x64
		{E05EC2EF-BF67-3930-A0AE-BE9874EC9BF2}.Release|x64.ActiveCfg = Release|x64
		{E05EC2EF-BF67-3930-A0AE-BE9874EC9BF2}.Release|x64.Build.0 = Release|x64
		{E05EC2EF-BF67-3930-A0AE-BE9874EC9BF2}.MinSizeRel|x64.ActiveCfg = MinSizeRel|x64
		{E05EC2EF-BF67-3930-A0AE-BE9874EC9BF2}.MinSizeRel|x64.Build.0 = MinSizeRel|x64
		{E05EC2EF-BF67-3930-A0AE-BE9874EC9BF2}.RelWithDebInfo|x64.ActiveCfg = RelWithDebInfo|x64
		{E05EC2EF-BF67-3930-A0AE-BE9874EC9BF2}.RelWithDebInfo|x64.Build.0 = RelWithDebInfo|x64
		{EB2F27FE-1768-3199-948F-6DF40968825B}.Debug|x64.ActiveCfg = Debug|x64
		{EB2F27FE-1768-3199-948F-6DF40968825B}.Debug|x64.Build.0 = Debug|x64
		{EB2F27FE-1768-3199-948F-6DF40968825B}.Release|x64.ActiveCfg = Release|x64
		{EB2F27FE-1768-3199-948F-6DF40968825B}.Release|x64.Build.0 = Release|x64
		{EB2F27FE-1768-3199-948F-6DF40968825B}.MinSizeRel|x64.ActiveCfg = MinSizeRel|x64
		{EB2F27FE-1768-3199-948F-6DF40968825B}.MinSizeRel|x64.Build.0 = MinSizeRel|x64
		{EB2F27FE-1768-3199-948F-6DF40968825B}.RelWithDebInfo|x64.ActiveCfg = RelWithDebInfo|x64
		{EB2F27FE-1768-3199-948F-6DF40968825B}.RelWithDebInfo|x64.Build.0 = RelWithDebInfo|x64
		{267AC8A5-CE55-34F5-9960-72EE200A164C}.Debug|x64.ActiveCfg = Debug|x64
		{267AC8A5-CE55-34F5-9960-72EE200A164C}.Release|x64.ActiveCfg = Release|x64
		{267AC8A5-CE55-34F5-9960-72EE200A164C}.MinSizeRel|x64.ActiveCfg = MinSizeRel|x64
		{267AC8A5-CE55-34F5-9960-72EE200A164C}.RelWithDebInfo|x64.ActiveCfg = RelWithDebInfo|x64
		{516458A5-8A42-3498-AD2F-A3EEA28F8D1E}.Debug|x64.ActiveCfg = Debug|x64
		{516458A5-8A42-3498-AD2F-A3EEA28F8D1E}.Debug|x64.Build.0 = Debug|x64
		{516458A5-8A42-3498-AD2F-A3EEA28F8D1E}.Release|x64.ActiveCfg = Release|x64
		{516458A5-8A42-3498-AD2F-A3EEA28F8D1E}.Release|x64.Build.0 = Release|x64
		{516458A5-8A42-3498-AD2F-A3EEA28F8D1E}.MinSizeRel|x64.ActiveCfg = MinSizeRel|x64
		{516458A5-8A42-3498-AD2F-A3EEA28F8D1E}.MinSizeRel|x64.Build.0 = MinSizeRel|x64
		{516458A5-8A42-3498-AD2F-A3EEA28F8D1E}.RelWithDebInfo|x64.ActiveCfg = RelWithDebInfo|x64
		{516458A5-8A42-3498-AD2F-A3EEA28F8D1E}.RelWithDebInfo|x64.Build.0 = RelWithDebInfo|x64
		{ADDA61A9-C410-36EB-B934-0462550AAFDB}.Debug|x64.ActiveCfg = Debug|x64
		{ADDA61A9-C410-36EB-B934-0462550AAFDB}.Debug|x64.Build.0 = Debug|x64
		{ADDA61A9-C410-36EB-B934-0462550AAFDB}.Release|x64.ActiveCfg = Release|x64
		{ADDA61A9-C410-36EB-B934-0462550AAFDB}.Release|x64.Build.0 = Release|x64
		{ADDA61A9-C410-36EB-B934-0462550AAFDB}.MinSizeRel|x64.ActiveCfg = MinSizeRel|x64
		{ADDA61A9-C410-36EB-B934-0462550AAFDB}.MinSizeRel|x64.Build.0 = MinSizeRel|x64
		{ADDA61A9-C410-36EB-B934-0462550AAFDB}.RelWithDebInfo|x64.ActiveCfg = RelWithDebInfo|x64
		{ADDA61A9-C410-36EB-B934-0462550AAFDB}.RelWithDebInfo|x64.Build.0 = RelWithDebInfo|x64
		{CA22F556-CD9A-3600-81CC-F4ED6841DAC0}.Debug|x64.ActiveCfg = Debug|x64
		{CA22F556-CD9A-3600-81CC-F4ED6841DAC0}.Debug|x64.Build.0 = Debug|x64
		{CA22F556-CD9A-3600-81CC-F4ED6841DAC0}.Release|x64.ActiveCfg = Release|x64
		{CA22F556-CD9A-3600-81CC-F4ED6841DAC0}.Release|x64.Build.0 = Release|x64
		{CA22F556-CD9A-3600-81CC-F4ED6841DAC0}.MinSizeRel|x64.ActiveCfg = MinSizeRel|x64
		{CA22F556-CD9A-3600-81CC-F4ED6841DAC0}.MinSizeRel|x64.Build.0 = MinSizeRel|x64
		{CA22F556-CD9A-3600-81CC-F4ED6841DAC0}.RelWithDebInfo|x64.ActiveCfg = RelWithDebInfo|x64
		{CA22F556-CD9A-3600-81CC-F4ED6841DAC0}.RelWithDebInfo|x64.Build.0 = RelWithDebInfo|x64
		{E65ED13F-30CC-35F5-8540-DC0AE1FC2B83}.Debug|x64.ActiveCfg = Debug|x64
		{E65ED13F-30CC-35F5-8540-DC0AE1FC2B83}.Debug|x64.Build.0 = Debug|x64
		{E65ED13F-30CC-35F5-8540-DC0AE1FC2B83}.Release|x64.ActiveCfg = Release|x64
		{E65ED13F-30CC-35F5-8540-DC0AE1FC2B83}.Release|x64.Build.0 = Release|x64
		{E65ED13F-30CC-35F5-8540-DC0AE1FC2B83}.MinSizeRel|x64.ActiveCfg = MinSizeRel|x64
		{E65ED13F-30CC-35F5-8540-DC0AE1FC2B83}.MinSizeRel|x64.Build.0 = MinSizeRel|x64
		{E65ED13F-30CC-35F5-8540-DC0AE1FC2B83}.RelWithDebInfo|x64.ActiveCfg = RelWithDebInfo|x64
		{E65ED13F-30CC-35F5-8540-DC0AE1FC2B83}.RelWithDebInfo|x64.Build.0 = RelWithDebInfo|x64
		{4E23D1E4-C99F-3815-8CD8-627C05E6DB27}.Debug|x64.ActiveCfg = Debug|x64
		{4E23D1E4-C99F-3815-8CD8-627C05E6DB27}.Debug|x64.Build.0 = Debug|x64
		{4E23D1E4-C99F-3815-8CD8-627C05E6DB27}.Release|x64.ActiveCfg = Release|x64
		{4E23D1E4-C99F-3815-8CD8-627C05E6DB27}.Release|x64.Build.0 = Release|x64
		{4E23D1E4-C99F-3815-8CD8-627C05E6DB27}.MinSizeRel|x64.ActiveCfg = MinSizeRel|x64
		{4E23D1E4-C99F-3815-8CD8-627C05E6DB27}.MinSizeRel|x64.Build.0 = MinSizeRel|x64
		{4E23D1E4-C99F-3815-8CD8-627C05E6DB27}.RelWithDebInfo|x64.ActiveCfg = RelWithDebInfo|x64
		{4E23D1E4-C99F-3815-8CD8-627C05E6DB27}.RelWithDebInfo|x64.Build.0 = RelWithDebInfo|x64
		{8AFBB7A9-90E4-338F-ADF1-82DAA644E7ED}.Debug|x64.ActiveCfg = Debug|x64
		{8AFBB7A9-90E4-338F-ADF1-82DAA644E7ED}.Release|x64.ActiveCfg = Release|x64
		{8AFBB7A9-90E4-338F-ADF1-82DAA644E7ED}.MinSizeRel|x64.ActiveCfg = MinSizeRel|x64
		{8AFBB7A9-90E4-338F-ADF1-82DAA644E7ED}.RelWithDebInfo|x64.ActiveCfg = RelWithDebInfo|x64
		{0CD108D7-5F7C-3DDA-9C70-FA9318B61679}.Debug|x64.ActiveCfg = Debug|x64
		{0CD108D7-5F7C-3DDA-9C70-FA9318B61679}.Debug|x64.Build.0 = Debug|x64
		{0CD108D7-5F7C-3DDA-9C70-FA9318B61679}.Release|x64.ActiveCfg = Release|x64
		{0CD108D7-5F7C-3DDA-9C70-FA9318B61679}.Release|x64.Build.0 = Release|x64
		{0CD108D7-5F7C-3DDA-9C70-FA9318B61679}.MinSizeRel|x64.ActiveCfg = MinSizeRel|x64
		{0CD108D7-5F7C-3DDA-9C70-FA9318B61679}.MinSizeRel|x64.Build.0 = MinSizeRel|x64
		{0CD108D7-5F7C-3DDA-9C70-FA9318B61679}.RelWithDebInfo|x64.ActiveCfg = RelWithDebInfo|x64
		{0CD108D7-5F7C-3DDA-9C70-FA9318B61679}.RelWithDebInfo|x64.Build.0 = RelWithDebInfo|x64
		{D7D6F72F-75C1-396A-A4FA-0AB1FF1F1992}.Debug|x64.ActiveCfg = Debug|x64
		{D7D6F72F-75C1-396A-A4FA-0AB1FF1F1992}.Debug|x64.Build.0 = Debug|x64
		{D7D6F72F-75C1-396A-A4FA-0AB1FF1F1992}.Release|x64.ActiveCfg = Release|x64
		{D7D6F72F-75C1-396A-A4FA-0AB1FF1F1992}.Release|x64.Build.0 = Release|x64
		{D7D6F72F-75C1-396A-A4FA-0AB1FF1F1992}.MinSizeRel|x64.ActiveCfg = MinSizeRel|x64
		{D7D6F72F-75C1-396A-A4FA-0AB1FF1F1992}.MinSizeRel|x64.Build.0 = MinSizeRel|x64
		{D7D6F72F-75C1-396A-A4FA-0AB1FF1F1992}.RelWithDebInfo|x64.ActiveCfg = RelWithDebInfo|x64
		{D7D6F72F-75C1-396A-A4FA-0AB1FF1F1992}.RelWithDebInfo|x64.Build.0 = RelWithDebInfo|x64
		{0C550AC7-402A-3F73-A649-4DB515914BBD}.Debug|x64.ActiveCfg = Debug|x64
		{0C550AC7-402A-3F73-A649-4DB515914BBD}.Debug|x64.Build.0 = Debug|x64
		{0C550AC7-402A-3F73-A649-4DB515914BBD}.Release|x64.ActiveCfg = Release|x64
		{0C550AC7-402A-3F73-A649-4DB515914BBD}.Release|x64.Build.0 = Release|x64
		{0C550AC7-402A-3F73-A649-4DB515914BBD}.MinSizeRel|x64.ActiveCfg = MinSizeRel|x64
		{0C550AC7-402A-3F73-A649-4DB515914BBD}.MinSizeRel|x64.Build.0 = MinSizeRel|x64
		{0C550AC7-402A-3F73-A649-4DB515914BBD}.RelWithDebInfo|x64.ActiveCfg = RelWithDebInfo|x64
		{0C550AC7-402A-3F73-A649-4DB515914BBD}.RelWithDebInfo|x64.Build.0 = RelWithDebInfo|x64
		{A808335E-1B6C-3CC1-9EF7-C447D258948D}.Debug|x64.ActiveCfg = Debug|x64
		{A808335E-1B6C-3CC1-9EF7-C447D258948D}.Debug|x64.Build.0 = Debug|x64
		{A808335E-1B6C-3CC1-9EF7-C447D258948D}.Release|x64.ActiveCfg = Release|x64
		{A808335E-1B6C-3CC1-9EF7-C447D258948D}.Release|x64.Build.0 = Release|x64
		{A808335E-1B6C-3CC1-9EF7-C447D258948D}.MinSizeRel|x64.ActiveCfg = MinSizeRel|x64
		{A808335E-1B6C-3CC1-9EF7-C447D258948D}.MinSizeRel|x64.Build.0 = MinSizeRel|x64
		{A808335E-1B6C-3CC1-9EF7-C447D258948D}.RelWithDebInfo|x64.ActiveCfg = RelWithDebInfo|x64
		{A808335E-1B6C-3CC1-9EF7-C447D258948D}.RelWithDebInfo|x64.Build.0 = RelWithDebInfo|x64
		{7E748311-1CF4-3192-BCF5-3C45741A35B1}.Debug|x64.ActiveCfg = Debug|x64
		{7E748311-1CF4-3192-BCF5-3C45741A35B1}.Release|x64.ActiveCfg = Release|x64
		{7E748311-1CF4-3192-BCF5-3C45741A35B1}.MinSizeRel|x64.ActiveCfg = MinSizeRel|x64
		{7E748311-1CF4-3192-BCF5-3C45741A35B1}.RelWithDebInfo|x64.ActiveCfg = RelWithDebInfo|x64
		{2E90BF9F-92E5-3B80-AC02-9BD7C51719AF}.Debug|x64.ActiveCfg = Debug|x64
		{2E90BF9F-92E5-3B80-AC02-9BD7C51719AF}.Debug|x64.Build.0 = Debug|x64
		{2E90BF9F-92E5-3B80-AC02-9BD7C51719AF}.Release|x64.ActiveCfg = Release|x64
		{2E90BF9F-92E5-3B80-AC02-9BD7C51719AF}.Release|x64.Build.0 = Release|x64
		{2E90BF9F-92E5-3B80-AC02-9BD7C51719AF}.MinSizeRel|x64.ActiveCfg = MinSizeRel|x64
		{2E90BF9F-92E5-3B80-AC02-9BD7C51719AF}.MinSizeRel|x64.Build.0 = MinSizeRel|x64
		{2E90BF9F-92E5-3B80-AC02-9BD7C51719AF}.RelWithDebInfo|x64.ActiveCfg = RelWithDebInfo|x64
		{2E90BF9F-92E5-3B80-AC02-9BD7C51719AF}.RelWithDebInfo|x64.Build.0 = RelWithDebInfo|x64
	EndGlobalSection
	GlobalSection(NestedProjects) = preSolution
		{6E2A6D44-A3B9-37CD-AF79-EB08D8B7052A} = {1C746F26-E4DF-3F4D-BDD7-71BEF7120B0B}
		{1AC2040B-11F7-3F28-8AA5-D720E6928E26} = {1C746F26-E4DF-3F4D-BDD7-71BEF7120B0B}
		{F2DAEBC3-744A-3CBD-BA8A-5DED9DE84DAA} = {1C746F26-E4DF-3F4D-BDD7-71BEF7120B0B}
		{5D27677A-4805-3687-B56D-6A2BCC9863DE} = {1C746F26-E4DF-3F4D-BDD7-71BEF7120B0B}
		{613EDB24-9923-3E1D-AAFA-AB694264EAE4} = {CB85DFA3-FCC6-3973-BFBB-DCA5F89CA478}
		{8C5BFB84-EF4C-3B5A-B7AB-D2478CD2DDA2} = {CB85DFA3-FCC6-3973-BFBB-DCA5F89CA478}
		{85109199-360C-3E40-A362-24B925405730} = {CB85DFA3-FCC6-3973-BFBB-DCA5F89CA478}
		{F76BAE25-1F58-3171-BF37-47E89D653D21} = {CB85DFA3-FCC6-3973-BFBB-DCA5F89CA478}
		{50BE85ED-77DB-3DF7-A9C9-B6D3AA0C192E} = {FDF371C7-C839-3CE3-8BD2-730642000C9C}
		{33963C20-F275-3C04-B614-CB3E2E4BF3E9} = {FDF371C7-C839-3CE3-8BD2-730642000C9C}
		{93BEBF6D-B789-3EE6-B8FA-6243618EB96E} = {FDF371C7-C839-3CE3-8BD2-730642000C9C}
		{1E0BAE59-7E0C-3BC6-A886-08764C238AB2} = {FDF371C7-C839-3CE3-8BD2-730642000C9C}
		{EB2F27FE-1768-3199-948F-6DF40968825B} = {ABCAF5AE-9BB4-3F6F-B428-6FEBABA1E4BE}
		{267AC8A5-CE55-34F5-9960-72EE200A164C} = {ABCAF5AE-9BB4-3F6F-B428-6FEBABA1E4BE}
		{516458A5-8A42-3498-AD2F-A3EEA28F8D1E} = {ABCAF5AE-9BB4-3F6F-B428-6FEBABA1E4BE}
		{ADDA61A9-C410-36EB-B934-0462550AAFDB} = {ABCAF5AE-9BB4-3F6F-B428-6FEBABA1E4BE}
		{4E23D1E4-C99F-3815-8CD8-627C05E6DB27} = {6550C83C-DEBA-30EC-87E2-B324A280662C}
		{8AFBB7A9-90E4-338F-ADF1-82DAA644E7ED} = {6550C83C-DEBA-30EC-87E2-B324A280662C}
		{0CD108D7-5F7C-3DDA-9C70-FA9318B61679} = {6550C83C-DEBA-30EC-87E2-B324A280662C}
		{D7D6F72F-75C1-396A-A4FA-0AB1FF1F1992} = {6550C83C-DEBA-30EC-87E2-B324A280662C}
		{0F3015DF-AADA-3287-8D8B-B31C64D9DECF} = {49898278-F6F7-3B53-A085-10592BF0365F}
		{7E748311-1CF4-3192-BCF5-3C45741A35B1} = {49898278-F6F7-3B53-A085-10592BF0365F}
		{2E90BF9F-92E5-3B80-AC02-9BD7C51719AF} = {49898278-F6F7-3B53-A085-10592BF0365F}
	EndGlobalSection
	GlobalSection(ExtensibilityGlobals) = postSolution
		SolutionGuid = {EA4ED4C6-6DDB-3EAD-9F8B-55109EE48C51}
	EndGlobalSection
	GlobalSection(ExtensibilityAddIns) = postSolution
	EndGlobalSection
EndGlobal
