
Microsoft Visual Studio Solution File, Format Version 12.00
# Visual Studio Version 17
Project("{2150E333-8FDC-42A3-9474-1A3956D46DE8}") = "ASMRTOP_INST_WDM2VST", "ASMRTOP_INST_WDM2VST", "{9B328E56-98A7-36A4-8EAD-6E7B52BD7573}"
EndProject
Project("{2150E333-8FDC-42A3-9474-1A3956D46DE8}") = "ASMRTOP_RECV", "ASMRTOP_RECV", "{EF5D4A19-AB39-3153-B80A-A6BB9F77C1EF}"
EndProject
Project("{2150E333-8FDC-42A3-9474-1A3956D46DE8}") = "ASMRTOP_SEND", "ASMRTOP_SEND", "{F4B66DFC-CDBE-3153-A3CE-05F50E3740D6}"
EndProject
Project("{2150E333-8FDC-42A3-9474-1A3956D46DE8}") = "ASMRTOP_VST2WDM", "ASMRTOP_VST2WDM", "{9CA1F6CD-9362-3BA0-8127-A6379B0F1444}"
EndProject
Project("{2150E333-8FDC-42A3-9474-1A3956D46DE8}") = "ASMRTOP_WDM2VST", "ASMRTOP_WDM2VST", "{2E6A6F5A-EC08-329A-89BC-75C1046B0ED9}"
EndProject
Project("{2150E333-8FDC-42A3-9474-1A3956D46DE8}") = "CMakePredefinedTargets", "CMakePredefinedTargets", "{1CE71196-EE73-39A4-BE44-B82CD306AA3B}"
EndProject
Project("{8BC9CEB8-8B4A-11D0-8D11-00A0C91BC942}") = "ALL_BUILD", "ALL_BUILD.vcxproj", "{3FB85D1C-5BCB-3799-B9CA-5F81763F8527}"
	ProjectSection(ProjectDependencies) = postProject
		{35CD9425-65DD-337B-B798-057391F489E1} = {35CD9425-65DD-337B-B798-057391F489E1}
		{2CA11158-E580-3D88-BA6E-F5D8F8D2E4D3} = {2CA11158-E580-3D88-BA6E-F5D8F8D2E4D3}
		{DD63CF9B-6C19-3CC1-82A2-166768F2F6D1} = {DD63CF9B-6C19-3CC1-82A2-166768F2F6D1}
		{D548AC65-B5CD-330F-B6CD-E0FAED2BE767} = {D548AC65-B5CD-330F-B6CD-E0FAED2BE767}
		{20315FEA-A334-3221-B36C-5509428C709F} = {20315FEA-A334-3221-B36C-5509428C709F}
		{3F99FFB5-E35B-300C-9C11-7C6362A851AF} = {3F99FFB5-E35B-300C-9C11-7C6362A851AF}
		{D73C82FD-7477-3AA2-B987-E23AAE1D8F61} = {D73C82FD-7477-3AA2-B987-E23AAE1D8F61}
		{CC242DF8-06E1-3DAC-BE8F-95526F56642E} = {CC242DF8-06E1-3DAC-BE8F-95526F56642E}
		{1CA905BC-77AD-331B-8CBD-F41716EE5404} = {1CA905BC-77AD-331B-8CBD-F41716EE5404}
		{9F2866A5-BC85-38CF-8ACB-728D19DE4CBE} = {9F2866A5-BC85-38CF-8ACB-728D19DE4CBE}
		{773E6360-C228-33F5-9E9B-D19F07B2F7FD} = {773E6360-C228-33F5-9E9B-D19F07B2F7FD}
		{2451A49A-0452-3DCC-A25B-C37973936D75} = {2451A49A-0452-3DCC-A25B-C37973936D75}
		{47755AB8-A8C5-3F3F-818A-D88CE9ACCF83} = {47755AB8-A8C5-3F3F-818A-D88CE9ACCF83}
		{3CE466E8-05DA-3FD4-A369-BC8B75E0B8D4} = {3CE466E8-05DA-3FD4-A369-BC8B75E0B8D4}
		{015B157A-0D33-351A-97FE-C452A8F60672} = {015B157A-0D33-351A-97FE-C452A8F60672}
		{1A0D9F7B-A981-335A-B857-FEE754FA3537} = {1A0D9F7B-A981-335A-B857-FEE754FA3537}
		{30BFEE98-9142-38E4-B883-ACAAF4A6D1D2} = {30BFEE98-9142-38E4-B883-ACAAF4A6D1D2}
		{FF9185E2-4DF9-335C-937D-318D5D4E165A} = {FF9185E2-4DF9-335C-937D-318D5D4E165A}
		{1DC0A859-DFA1-3B4B-BA82-B5207A990781} = {1DC0A859-DFA1-3B4B-BA82-B5207A990781}
		{C498B151-ADF1-39B6-8F31-85BBD737A81E} = {C498B151-ADF1-39B6-8F31-85BBD737A81E}
		{E215B11D-F2C7-34E8-BBB4-343E7EE1E687} = {E215B11D-F2C7-34E8-BBB4-343E7EE1E687}
		{C0AB7461-E295-30FB-A2CC-35AB0BB1A037} = {C0AB7461-E295-30FB-A2CC-35AB0BB1A037}
		{04F8ADE2-018D-3260-B929-996CC670F1F6} = {04F8ADE2-018D-3260-B929-996CC670F1F6}
		{1E32F1B9-31D4-3838-BC24-69C730475C86} = {1E32F1B9-31D4-3838-BC24-69C730475C86}
		{31EB3823-B673-3F8D-B261-75CB902F25A9} = {31EB3823-B673-3F8D-B261-75CB902F25A9}
		{E99A7BE1-785D-35D1-83F7-78DBD2BD1E4B} = {E99A7BE1-785D-35D1-83F7-78DBD2BD1E4B}
	EndProjectSection
EndProject
Project("{8BC9CEB8-8B4A-11D0-8D11-00A0C91BC942}") = "ASMRTOP_INST_WDM2VST", "ASMRTOP_INST_WDM2VST.vcxproj", "{35CD9425-65DD-337B-B798-057391F489E1}"
	ProjectSection(ProjectDependencies) = postProject
		{E99A7BE1-785D-35D1-83F7-78DBD2BD1E4B} = {E99A7BE1-785D-35D1-83F7-78DBD2BD1E4B}
	EndProjectSection
EndProject
Project("{8BC9CEB8-8B4A-11D0-8D11-00A0C91BC942}") = "ASMRTOP_INST_WDM2VST_All", "ASMRTOP_INST_WDM2VST_All.vcxproj", "{FEA00E55-1987-33DA-8059-B4E48DBD348E}"
	ProjectSection(ProjectDependencies) = postProject
		{2CA11158-E580-3D88-BA6E-F5D8F8D2E4D3} = {2CA11158-E580-3D88-BA6E-F5D8F8D2E4D3}
		{DD63CF9B-6C19-3CC1-82A2-166768F2F6D1} = {DD63CF9B-6C19-3CC1-82A2-166768F2F6D1}
		{E99A7BE1-785D-35D1-83F7-78DBD2BD1E4B} = {E99A7BE1-785D-35D1-83F7-78DBD2BD1E4B}
	EndProjectSection
EndProject
Project("{8BC9CEB8-8B4A-11D0-8D11-00A0C91BC942}") = "ASMRTOP_INST_WDM2VST_Standalone", "ASMRTOP_INST_WDM2VST_Standalone.vcxproj", "{2CA11158-E580-3D88-BA6E-F5D8F8D2E4D3}"
	ProjectSection(ProjectDependencies) = postProject
		{35CD9425-65DD-337B-B798-057391F489E1} = {35CD9425-65DD-337B-B798-057391F489E1}
		{D548AC65-B5CD-330F-B6CD-E0FAED2BE767} = {D548AC65-B5CD-330F-B6CD-E0FAED2BE767}
		{E99A7BE1-785D-35D1-83F7-78DBD2BD1E4B} = {E99A7BE1-785D-35D1-83F7-78DBD2BD1E4B}
	EndProjectSection
EndProject
Project("{8BC9CEB8-8B4A-11D0-8D11-00A0C91BC942}") = "ASMRTOP_INST_WDM2VST_VST3", "ASMRTOP_INST_WDM2VST_VST3.vcxproj", "{DD63CF9B-6C19-3CC1-82A2-166768F2F6D1}"
	ProjectSection(ProjectDependencies) = postProject
		{35CD9425-65DD-337B-B798-057391F489E1} = {35CD9425-65DD-337B-B798-057391F489E1}
		{D548AC65-B5CD-330F-B6CD-E0FAED2BE767} = {D548AC65-B5CD-330F-B6CD-E0FAED2BE767}
		{20315FEA-A334-3221-B36C-5509428C709F} = {20315FEA-A334-3221-B36C-5509428C709F}
		{E99A7BE1-785D-35D1-83F7-78DBD2BD1E4B} = {E99A7BE1-785D-35D1-83F7-78DBD2BD1E4B}
	EndProjectSection
EndProject
Project("{8BC9CEB8-8B4A-11D0-8D11-00A0C91BC942}") = "ASMRTOP_INST_WDM2VST_rc_lib", "ASMRTOP_INST_WDM2VST_rc_lib.vcxproj", "{D548AC65-B5CD-330F-B6CD-E0FAED2BE767}"
	ProjectSection(ProjectDependencies) = postProject
		{E99A7BE1-785D-35D1-83F7-78DBD2BD1E4B} = {E99A7BE1-785D-35D1-83F7-78DBD2BD1E4B}
	EndProjectSection
EndProject
Project("{8BC9CEB8-8B4A-11D0-8D11-00A0C91BC942}") = "ASMRTOP_INST_WDM2VST_vst3_helper", "ASMRTOP_INST_WDM2VST_vst3_helper.vcxproj", "{20315FEA-A334-3221-B36C-5509428C709F}"
	ProjectSection(ProjectDependencies) = postProject
		{E99A7BE1-785D-35D1-83F7-78DBD2BD1E4B} = {E99A7BE1-785D-35D1-83F7-78DBD2BD1E4B}
	EndProjectSection
EndProject
Project("{8BC9CEB8-8B4A-11D0-8D11-00A0C91BC942}") = "ASMRTOP_RECV", "ASMRTOP_RECV.vcxproj", "{3F99FFB5-E35B-300C-9C11-7C6362A851AF}"
	ProjectSection(ProjectDependencies) = postProject
		{E99A7BE1-785D-35D1-83F7-78DBD2BD1E4B} = {E99A7BE1-785D-35D1-83F7-78DBD2BD1E4B}
	EndProjectSection
EndProject
Project("{8BC9CEB8-8B4A-11D0-8D11-00A0C91BC942}") = "ASMRTOP_RECV_All", "ASMRTOP_RECV_All.vcxproj", "{F7548E91-ADA6-337D-BB0D-71F7EC3D0CB4}"
	ProjectSection(ProjectDependencies) = postProject
		{D73C82FD-7477-3AA2-B987-E23AAE1D8F61} = {D73C82FD-7477-3AA2-B987-E23AAE1D8F61}
		{CC242DF8-06E1-3DAC-BE8F-95526F56642E} = {CC242DF8-06E1-3DAC-BE8F-95526F56642E}
		{E99A7BE1-785D-35D1-83F7-78DBD2BD1E4B} = {E99A7BE1-785D-35D1-83F7-78DBD2BD1E4B}
	EndProjectSection
EndProject
Project("{8BC9CEB8-8B4A-11D0-8D11-00A0C91BC942}") = "ASMRTOP_RECV_Standalone", "ASMRTOP_RECV_Standalone.vcxproj", "{D73C82FD-7477-3AA2-B987-E23AAE1D8F61}"
	ProjectSection(ProjectDependencies) = postProject
		{3F99FFB5-E35B-300C-9C11-7C6362A851AF} = {3F99FFB5-E35B-300C-9C11-7C6362A851AF}
		{1CA905BC-77AD-331B-8CBD-F41716EE5404} = {1CA905BC-77AD-331B-8CBD-F41716EE5404}
		{E99A7BE1-785D-35D1-83F7-78DBD2BD1E4B} = {E99A7BE1-785D-35D1-83F7-78DBD2BD1E4B}
	EndProjectSection
EndProject
Project("{8BC9CEB8-8B4A-11D0-8D11-00A0C91BC942}") = "ASMRTOP_RECV_VST3", "ASMRTOP_RECV_VST3.vcxproj", "{CC242DF8-06E1-3DAC-BE8F-95526F56642E}"
	ProjectSection(ProjectDependencies) = postProject
		{3F99FFB5-E35B-300C-9C11-7C6362A851AF} = {3F99FFB5-E35B-300C-9C11-7C6362A851AF}
		{1CA905BC-77AD-331B-8CBD-F41716EE5404} = {1CA905BC-77AD-331B-8CBD-F41716EE5404}
		{9F2866A5-BC85-38CF-8ACB-728D19DE4CBE} = {9F2866A5-BC85-38CF-8ACB-728D19DE4CBE}
		{E99A7BE1-785D-35D1-83F7-78DBD2BD1E4B} = {E99A7BE1-785D-35D1-83F7-78DBD2BD1E4B}
	EndProjectSection
EndProject
Project("{8BC9CEB8-8B4A-11D0-8D11-00A0C91BC942}") = "ASMRTOP_RECV_rc_lib", "ASMRTOP_RECV_rc_lib.vcxproj", "{1CA905BC-77AD-331B-8CBD-F41716EE5404}"
	ProjectSection(ProjectDependencies) = postProject
		{E99A7BE1-785D-35D1-83F7-78DBD2BD1E4B} = {E99A7BE1-785D-35D1-83F7-78DBD2BD1E4B}
	EndProjectSection
EndProject
Project("{8BC9CEB8-8B4A-11D0-8D11-00A0C91BC942}") = "ASMRTOP_RECV_vst3_helper", "ASMRTOP_RECV_vst3_helper.vcxproj", "{9F2866A5-BC85-38CF-8ACB-728D19DE4CBE}"
	ProjectSection(ProjectDependencies) = postProject
		{E99A7BE1-785D-35D1-83F7-78DBD2BD1E4B} = {E99A7BE1-785D-35D1-83F7-78DBD2BD1E4B}
	EndProjectSection
EndProject
Project("{8BC9CEB8-8B4A-11D0-8D11-00A0C91BC942}") = "ASMRTOP_SEND", "ASMRTOP_SEND.vcxproj", "{773E6360-C228-33F5-9E9B-D19F07B2F7FD}"
	ProjectSection(ProjectDependencies) = postProject
		{E99A7BE1-785D-35D1-83F7-78DBD2BD1E4B} = {E99A7BE1-785D-35D1-83F7-78DBD2BD1E4B}
	EndProjectSection
EndProject
Project("{8BC9CEB8-8B4A-11D0-8D11-00A0C91BC942}") = "ASMRTOP_SEND_All", "ASMRTOP_SEND_All.vcxproj", "{A3D2BC00-6AD9-3208-8B9B-6BDA33F63269}"
	ProjectSection(ProjectDependencies) = postProject
		{2451A49A-0452-3DCC-A25B-C37973936D75} = {2451A49A-0452-3DCC-A25B-C37973936D75}
		{47755AB8-A8C5-3F3F-818A-D88CE9ACCF83} = {47755AB8-A8C5-3F3F-818A-D88CE9ACCF83}
		{E99A7BE1-785D-35D1-83F7-78DBD2BD1E4B} = {E99A7BE1-785D-35D1-83F7-78DBD2BD1E4B}
	EndProjectSection
EndProject
Project("{8BC9CEB8-8B4A-11D0-8D11-00A0C91BC942}") = "ASMRTOP_SEND_Standalone", "ASMRTOP_SEND_Standalone.vcxproj", "{2451A49A-0452-3DCC-A25B-C37973936D75}"
	ProjectSection(ProjectDependencies) = postProject
		{773E6360-C228-33F5-9E9B-D19F07B2F7FD} = {773E6360-C228-33F5-9E9B-D19F07B2F7FD}
		{3CE466E8-05DA-3FD4-A369-BC8B75E0B8D4} = {3CE466E8-05DA-3FD4-A369-BC8B75E0B8D4}
		{E99A7BE1-785D-35D1-83F7-78DBD2BD1E4B} = {E99A7BE1-785D-35D1-83F7-78DBD2BD1E4B}
	EndProjectSection
EndProject
Project("{8BC9CEB8-8B4A-11D0-8D11-00A0C91BC942}") = "ASMRTOP_SEND_VST3", "ASMRTOP_SEND_VST3.vcxproj", "{47755AB8-A8C5-3F3F-818A-D88CE9ACCF83}"
	ProjectSection(ProjectDependencies) = postProject
		{773E6360-C228-33F5-9E9B-D19F07B2F7FD} = {773E6360-C228-33F5-9E9B-D19F07B2F7FD}
		{3CE466E8-05DA-3FD4-A369-BC8B75E0B8D4} = {3CE466E8-05DA-3FD4-A369-BC8B75E0B8D4}
		{015B157A-0D33-351A-97FE-C452A8F60672} = {015B157A-0D33-351A-97FE-C452A8F60672}
		{E99A7BE1-785D-35D1-83F7-78DBD2BD1E4B} = {E99A7BE1-785D-35D1-83F7-78DBD2BD1E4B}
	EndProjectSection
EndProject
Project("{8BC9CEB8-8B4A-11D0-8D11-00A0C91BC942}") = "ASMRTOP_SEND_rc_lib", "ASMRTOP_SEND_rc_lib.vcxproj", "{3CE466E8-05DA-3FD4-A369-BC8B75E0B8D4}"
	ProjectSection(ProjectDependencies) = postProject
		{E99A7BE1-785D-35D1-83F7-78DBD2BD1E4B} = {E99A7BE1-785D-35D1-83F7-78DBD2BD1E4B}
	EndProjectSection
EndProject
Project("{8BC9CEB8-8B4A-11D0-8D11-00A0C91BC942}") = "ASMRTOP_SEND_vst3_helper", "ASMRTOP_SEND_vst3_helper.vcxproj", "{015B157A-0D33-351A-97FE-C452A8F60672}"
	ProjectSection(ProjectDependencies) = postProject
		{E99A7BE1-785D-35D1-83F7-78DBD2BD1E4B} = {E99A7BE1-785D-35D1-83F7-78DBD2BD1E4B}
	EndProjectSection
EndProject
Project("{8BC9CEB8-8B4A-11D0-8D11-00A0C91BC942}") = "ASMRTOP_VST2WDM", "ASMRTOP_VST2WDM.vcxproj", "{1A0D9F7B-A981-335A-B857-FEE754FA3537}"
	ProjectSection(ProjectDependencies) = postProject
		{E99A7BE1-785D-35D1-83F7-78DBD2BD1E4B} = {E99A7BE1-785D-35D1-83F7-78DBD2BD1E4B}
	EndProjectSection
EndProject
Project("{8BC9CEB8-8B4A-11D0-8D11-00A0C91BC942}") = "ASMRTOP_VST2WDM_All", "ASMRTOP_VST2WDM_All.vcxproj", "{5247F5C3-92A4-3275-A7E9-F1AA35ED8840}"
	ProjectSection(ProjectDependencies) = postProject
		{30BFEE98-9142-38E4-B883-ACAAF4A6D1D2} = {30BFEE98-9142-38E4-B883-ACAAF4A6D1D2}
		{FF9185E2-4DF9-335C-937D-318D5D4E165A} = {FF9185E2-4DF9-335C-937D-318D5D4E165A}
		{E99A7BE1-785D-35D1-83F7-78DBD2BD1E4B} = {E99A7BE1-785D-35D1-83F7-78DBD2BD1E4B}
	EndProjectSection
EndProject
Project("{8BC9CEB8-8B4A-11D0-8D11-00A0C91BC942}") = "ASMRTOP_VST2WDM_Standalone", "ASMRTOP_VST2WDM_Standalone.vcxproj", "{30BFEE98-9142-38E4-B883-ACAAF4A6D1D2}"
	ProjectSection(ProjectDependencies) = postProject
		{1A0D9F7B-A981-335A-B857-FEE754FA3537} = {1A0D9F7B-A981-335A-B857-FEE754FA3537}
		{1DC0A859-DFA1-3B4B-BA82-B5207A990781} = {1DC0A859-DFA1-3B4B-BA82-B5207A990781}
		{E99A7BE1-785D-35D1-83F7-78DBD2BD1E4B} = {E99A7BE1-785D-35D1-83F7-78DBD2BD1E4B}
	EndProjectSection
EndProject
Project("{8BC9CEB8-8B4A-11D0-8D11-00A0C91BC942}") = "ASMRTOP_VST2WDM_VST3", "ASMRTOP_VST2WDM_VST3.vcxproj", "{FF9185E2-4DF9-335C-937D-318D5D4E165A}"
	ProjectSection(ProjectDependencies) = postProject
		{1A0D9F7B-A981-335A-B857-FEE754FA3537} = {1A0D9F7B-A981-335A-B857-FEE754FA3537}
		{1DC0A859-DFA1-3B4B-BA82-B5207A990781} = {1DC0A859-DFA1-3B4B-BA82-B5207A990781}
		{C498B151-ADF1-39B6-8F31-85BBD737A81E} = {C498B151-ADF1-39B6-8F31-85BBD737A81E}
		{E99A7BE1-785D-35D1-83F7-78DBD2BD1E4B} = {E99A7BE1-785D-35D1-83F7-78DBD2BD1E4B}
	EndProjectSection
EndProject
Project("{8BC9CEB8-8B4A-11D0-8D11-00A0C91BC942}") = "ASMRTOP_VST2WDM_rc_lib", "ASMRTOP_VST2WDM_rc_lib.vcxproj", "{1DC0A859-DFA1-3B4B-BA82-B5207A990781}"
	ProjectSection(ProjectDependencies) = postProject
		{E99A7BE1-785D-35D1-83F7-78DBD2BD1E4B} = {E99A7BE1-785D-35D1-83F7-78DBD2BD1E4B}
	EndProjectSection
EndProject
Project("{8BC9CEB8-8B4A-11D0-8D11-00A0C91BC942}") = "ASMRTOP_VST2WDM_vst3_helper", "ASMRTOP_VST2WDM_vst3_helper.vcxproj", "{C498B151-ADF1-39B6-8F31-85BBD737A81E}"
	ProjectSection(ProjectDependencies) = postProject
		{E99A7BE1-785D-35D1-83F7-78DBD2BD1E4B} = {E99A7BE1-785D-35D1-83F7-78DBD2BD1E4B}
	EndProjectSection
EndProject
Project("{8BC9CEB8-8B4A-11D0-8D11-00A0C91BC942}") = "ASMRTOP_WDM2VST", "ASMRTOP_WDM2VST.vcxproj", "{E215B11D-F2C7-34E8-BBB4-343E7EE1E687}"
	ProjectSection(ProjectDependencies) = postProject
		{E99A7BE1-785D-35D1-83F7-78DBD2BD1E4B} = {E99A7BE1-785D-35D1-83F7-78DBD2BD1E4B}
	EndProjectSection
EndProject
Project("{8BC9CEB8-8B4A-11D0-8D11-00A0C91BC942}") = "ASMRTOP_WDM2VST_All", "ASMRTOP_WDM2VST_All.vcxproj", "{FDD2593C-C577-37F1-B900-F5609AF4BA24}"
	ProjectSection(ProjectDependencies) = postProject
		{C0AB7461-E295-30FB-A2CC-35AB0BB1A037} = {C0AB7461-E295-30FB-A2CC-35AB0BB1A037}
		{04F8ADE2-018D-3260-B929-996CC670F1F6} = {04F8ADE2-018D-3260-B929-996CC670F1F6}
		{E99A7BE1-785D-35D1-83F7-78DBD2BD1E4B} = {E99A7BE1-785D-35D1-83F7-78DBD2BD1E4B}
	EndProjectSection
EndProject
Project("{8BC9CEB8-8B4A-11D0-8D11-00A0C91BC942}") = "ASMRTOP_WDM2VST_Standalone", "ASMRTOP_WDM2VST_Standalone.vcxproj", "{C0AB7461-E295-30FB-A2CC-35AB0BB1A037}"
	ProjectSection(ProjectDependencies) = postProject
		{E215B11D-F2C7-34E8-BBB4-343E7EE1E687} = {E215B11D-F2C7-34E8-BBB4-343E7EE1E687}
		{1E32F1B9-31D4-3838-BC24-69C730475C86} = {1E32F1B9-31D4-3838-BC24-69C730475C86}
		{E99A7BE1-785D-35D1-83F7-78DBD2BD1E4B} = {E99A7BE1-785D-35D1-83F7-78DBD2BD1E4B}
	EndProjectSection
EndProject
Project("{8BC9CEB8-8B4A-11D0-8D11-00A0C91BC942}") = "ASMRTOP_WDM2VST_VST3", "ASMRTOP_WDM2VST_VST3.vcxproj", "{04F8ADE2-018D-3260-B929-996CC670F1F6}"
	ProjectSection(ProjectDependencies) = postProject
		{E215B11D-F2C7-34E8-BBB4-343E7EE1E687} = {E215B11D-F2C7-34E8-BBB4-343E7EE1E687}
		{1E32F1B9-31D4-3838-BC24-69C730475C86} = {1E32F1B9-31D4-3838-BC24-69C730475C86}
		{31EB3823-B673-3F8D-B261-75CB902F25A9} = {31EB3823-B673-3F8D-B261-75CB902F25A9}
		{E99A7BE1-785D-35D1-83F7-78DBD2BD1E4B} = {E99A7BE1-785D-35D1-83F7-78DBD2BD1E4B}
	EndProjectSection
EndProject
Project("{8BC9CEB8-8B4A-11D0-8D11-00A0C91BC942}") = "ASMRTOP_WDM2VST_rc_lib", "ASMRTOP_WDM2VST_rc_lib.vcxproj", "{1E32F1B9-31D4-3838-BC24-69C730475C86}"
	ProjectSection(ProjectDependencies) = postProject
		{E99A7BE1-785D-35D1-83F7-78DBD2BD1E4B} = {E99A7BE1-785D-35D1-83F7-78DBD2BD1E4B}
	EndProjectSection
EndProject
Project("{8BC9CEB8-8B4A-11D0-8D11-00A0C91BC942}") = "ASMRTOP_WDM2VST_vst3_helper", "ASMRTOP_WDM2VST_vst3_helper.vcxproj", "{31EB3823-B673-3F8D-B261-75CB902F25A9}"
	ProjectSection(ProjectDependencies) = postProject
		{E99A7BE1-785D-35D1-83F7-78DBD2BD1E4B} = {E99A7BE1-785D-35D1-83F7-78DBD2BD1E4B}
	EndProjectSection
EndProject
Project("{8BC9CEB8-8B4A-11D0-8D11-00A0C91BC942}") = "INSTALL", "INSTALL.vcxproj", "{EDA28A80-34B1-3621-BD98-C2576C9B2AA9}"
	ProjectSection(ProjectDependencies) = postProject
		{3FB85D1C-5BCB-3799-B9CA-5F81763F8527} = {3FB85D1C-5BCB-3799-B9CA-5F81763F8527}
		{E99A7BE1-785D-35D1-83F7-78DBD2BD1E4B} = {E99A7BE1-785D-35D1-83F7-78DBD2BD1E4B}
	EndProjectSection
EndProject
Project("{8BC9CEB8-8B4A-11D0-8D11-00A0C91BC942}") = "ZERO_CHECK", "ZERO_CHECK.vcxproj", "{E99A7BE1-785D-35D1-83F7-78DBD2BD1E4B}"
	ProjectSection(ProjectDependencies) = postProject
	EndProjectSection
EndProject
Global
	GlobalSection(SolutionConfigurationPlatforms) = preSolution
		Debug|x64 = Debug|x64
		Release|x64 = Release|x64
		MinSizeRel|x64 = MinSizeRel|x64
		RelWithDebInfo|x64 = RelWithDebInfo|x64
	EndGlobalSection
	GlobalSection(ProjectConfigurationPlatforms) = postSolution
		{3FB85D1C-5BCB-3799-B9CA-5F81763F8527}.Debug|x64.ActiveCfg = Debug|x64
		{3FB85D1C-5BCB-3799-B9CA-5F81763F8527}.Debug|x64.Build.0 = Debug|x64
		{3FB85D1C-5BCB-3799-B9CA-5F81763F8527}.Release|x64.ActiveCfg = Release|x64
		{3FB85D1C-5BCB-3799-B9CA-5F81763F8527}.Release|x64.Build.0 = Release|x64
		{3FB85D1C-5BCB-3799-B9CA-5F81763F8527}.MinSizeRel|x64.ActiveCfg = MinSizeRel|x64
		{3FB85D1C-5BCB-3799-B9CA-5F81763F8527}.MinSizeRel|x64.Build.0 = MinSizeRel|x64
		{3FB85D1C-5BCB-3799-B9CA-5F81763F8527}.RelWithDebInfo|x64.ActiveCfg = RelWithDebInfo|x64
		{3FB85D1C-5BCB-3799-B9CA-5F81763F8527}.RelWithDebInfo|x64.Build.0 = RelWithDebInfo|x64
		{35CD9425-65DD-337B-B798-057391F489E1}.Debug|x64.ActiveCfg = Debug|x64
		{35CD9425-65DD-337B-B798-057391F489E1}.Debug|x64.Build.0 = Debug|x64
		{35CD9425-65DD-337B-B798-057391F489E1}.Release|x64.ActiveCfg = Release|x64
		{35CD9425-65DD-337B-B798-057391F489E1}.Release|x64.Build.0 = Release|x64
		{35CD9425-65DD-337B-B798-057391F489E1}.MinSizeRel|x64.ActiveCfg = MinSizeRel|x64
		{35CD9425-65DD-337B-B798-057391F489E1}.MinSizeRel|x64.Build.0 = MinSizeRel|x64
		{35CD9425-65DD-337B-B798-057391F489E1}.RelWithDebInfo|x64.ActiveCfg = RelWithDebInfo|x64
		{35CD9425-65DD-337B-B798-057391F489E1}.RelWithDebInfo|x64.Build.0 = RelWithDebInfo|x64
		{FEA00E55-1987-33DA-8059-B4E48DBD348E}.Debug|x64.ActiveCfg = Debug|x64
		{FEA00E55-1987-33DA-8059-B4E48DBD348E}.Release|x64.ActiveCfg = Release|x64
		{FEA00E55-1987-33DA-8059-B4E48DBD348E}.MinSizeRel|x64.ActiveCfg = MinSizeRel|x64
		{FEA00E55-1987-33DA-8059-B4E48DBD348E}.RelWithDebInfo|x64.ActiveCfg = RelWithDebInfo|x64
		{2CA11158-E580-3D88-BA6E-F5D8F8D2E4D3}.Debug|x64.ActiveCfg = Debug|x64
		{2CA11158-E580-3D88-BA6E-F5D8F8D2E4D3}.Debug|x64.Build.0 = Debug|x64
		{2CA11158-E580-3D88-BA6E-F5D8F8D2E4D3}.Release|x64.ActiveCfg = Release|x64
		{2CA11158-E580-3D88-BA6E-F5D8F8D2E4D3}.Release|x64.Build.0 = Release|x64
		{2CA11158-E580-3D88-BA6E-F5D8F8D2E4D3}.MinSizeRel|x64.ActiveCfg = MinSizeRel|x64
		{2CA11158-E580-3D88-BA6E-F5D8F8D2E4D3}.MinSizeRel|x64.Build.0 = MinSizeRel|x64
		{2CA11158-E580-3D88-BA6E-F5D8F8D2E4D3}.RelWithDebInfo|x64.ActiveCfg = RelWithDebInfo|x64
		{2CA11158-E580-3D88-BA6E-F5D8F8D2E4D3}.RelWithDebInfo|x64.Build.0 = RelWithDebInfo|x64
		{DD63CF9B-6C19-3CC1-82A2-166768F2F6D1}.Debug|x64.ActiveCfg = Debug|x64
		{DD63CF9B-6C19-3CC1-82A2-166768F2F6D1}.Debug|x64.Build.0 = Debug|x64
		{DD63CF9B-6C19-3CC1-82A2-166768F2F6D1}.Release|x64.ActiveCfg = Release|x64
		{DD63CF9B-6C19-3CC1-82A2-166768F2F6D1}.Release|x64.Build.0 = Release|x64
		{DD63CF9B-6C19-3CC1-82A2-166768F2F6D1}.MinSizeRel|x64.ActiveCfg = MinSizeRel|x64
		{DD63CF9B-6C19-3CC1-82A2-166768F2F6D1}.MinSizeRel|x64.Build.0 = MinSizeRel|x64
		{DD63CF9B-6C19-3CC1-82A2-166768F2F6D1}.RelWithDebInfo|x64.ActiveCfg = RelWithDebInfo|x64
		{DD63CF9B-6C19-3CC1-82A2-166768F2F6D1}.RelWithDebInfo|x64.Build.0 = RelWithDebInfo|x64
		{D548AC65-B5CD-330F-B6CD-E0FAED2BE767}.Debug|x64.ActiveCfg = Debug|x64
		{D548AC65-B5CD-330F-B6CD-E0FAED2BE767}.Debug|x64.Build.0 = Debug|x64
		{D548AC65-B5CD-330F-B6CD-E0FAED2BE767}.Release|x64.ActiveCfg = Release|x64
		{D548AC65-B5CD-330F-B6CD-E0FAED2BE767}.Release|x64.Build.0 = Release|x64
		{D548AC65-B5CD-330F-B6CD-E0FAED2BE767}.MinSizeRel|x64.ActiveCfg = MinSizeRel|x64
		{D548AC65-B5CD-330F-B6CD-E0FAED2BE767}.MinSizeRel|x64.Build.0 = MinSizeRel|x64
		{D548AC65-B5CD-330F-B6CD-E0FAED2BE767}.RelWithDebInfo|x64.ActiveCfg = RelWithDebInfo|x64
		{D548AC65-B5CD-330F-B6CD-E0FAED2BE767}.RelWithDebInfo|x64.Build.0 = RelWithDebInfo|x64
		{20315FEA-A334-3221-B36C-5509428C709F}.Debug|x64.ActiveCfg = Debug|x64
		{20315FEA-A334-3221-B36C-5509428C709F}.Debug|x64.Build.0 = Debug|x64
		{20315FEA-A334-3221-B36C-5509428C709F}.Release|x64.ActiveCfg = Release|x64
		{20315FEA-A334-3221-B36C-5509428C709F}.Release|x64.Build.0 = Release|x64
		{20315FEA-A334-3221-B36C-5509428C709F}.MinSizeRel|x64.ActiveCfg = MinSizeRel|x64
		{20315FEA-A334-3221-B36C-5509428C709F}.MinSizeRel|x64.Build.0 = MinSizeRel|x64
		{20315FEA-A334-3221-B36C-5509428C709F}.RelWithDebInfo|x64.ActiveCfg = RelWithDebInfo|x64
		{20315FEA-A334-3221-B36C-5509428C709F}.RelWithDebInfo|x64.Build.0 = RelWithDebInfo|x64
		{3F99FFB5-E35B-300C-9C11-7C6362A851AF}.Debug|x64.ActiveCfg = Debug|x64
		{3F99FFB5-E35B-300C-9C11-7C6362A851AF}.Debug|x64.Build.0 = Debug|x64
		{3F99FFB5-E35B-300C-9C11-7C6362A851AF}.Release|x64.ActiveCfg = Release|x64
		{3F99FFB5-E35B-300C-9C11-7C6362A851AF}.Release|x64.Build.0 = Release|x64
		{3F99FFB5-E35B-300C-9C11-7C6362A851AF}.MinSizeRel|x64.ActiveCfg = MinSizeRel|x64
		{3F99FFB5-E35B-300C-9C11-7C6362A851AF}.MinSizeRel|x64.Build.0 = MinSizeRel|x64
		{3F99FFB5-E35B-300C-9C11-7C6362A851AF}.RelWithDebInfo|x64.ActiveCfg = RelWithDebInfo|x64
		{3F99FFB5-E35B-300C-9C11-7C6362A851AF}.RelWithDebInfo|x64.Build.0 = RelWithDebInfo|x64
		{F7548E91-ADA6-337D-BB0D-71F7EC3D0CB4}.Debug|x64.ActiveCfg = Debug|x64
		{F7548E91-ADA6-337D-BB0D-71F7EC3D0CB4}.Release|x64.ActiveCfg = Release|x64
		{F7548E91-ADA6-337D-BB0D-71F7EC3D0CB4}.MinSizeRel|x64.ActiveCfg = MinSizeRel|x64
		{F7548E91-ADA6-337D-BB0D-71F7EC3D0CB4}.RelWithDebInfo|x64.ActiveCfg = RelWithDebInfo|x64
		{D73C82FD-7477-3AA2-B987-E23AAE1D8F61}.Debug|x64.ActiveCfg = Debug|x64
		{D73C82FD-7477-3AA2-B987-E23AAE1D8F61}.Debug|x64.Build.0 = Debug|x64
		{D73C82FD-7477-3AA2-B987-E23AAE1D8F61}.Release|x64.ActiveCfg = Release|x64
		{D73C82FD-7477-3AA2-B987-E23AAE1D8F61}.Release|x64.Build.0 = Release|x64
		{D73C82FD-7477-3AA2-B987-E23AAE1D8F61}.MinSizeRel|x64.ActiveCfg = MinSizeRel|x64
		{D73C82FD-7477-3AA2-B987-E23AAE1D8F61}.MinSizeRel|x64.Build.0 = MinSizeRel|x64
		{D73C82FD-7477-3AA2-B987-E23AAE1D8F61}.RelWithDebInfo|x64.ActiveCfg = RelWithDebInfo|x64
		{D73C82FD-7477-3AA2-B987-E23AAE1D8F61}.RelWithDebInfo|x64.Build.0 = RelWithDebInfo|x64
		{CC242DF8-06E1-3DAC-BE8F-95526F56642E}.Debug|x64.ActiveCfg = Debug|x64
		{CC242DF8-06E1-3DAC-BE8F-95526F56642E}.Debug|x64.Build.0 = Debug|x64
		{CC242DF8-06E1-3DAC-BE8F-95526F56642E}.Release|x64.ActiveCfg = Release|x64
		{CC242DF8-06E1-3DAC-BE8F-95526F56642E}.Release|x64.Build.0 = Release|x64
		{CC242DF8-06E1-3DAC-BE8F-95526F56642E}.MinSizeRel|x64.ActiveCfg = MinSizeRel|x64
		{CC242DF8-06E1-3DAC-BE8F-95526F56642E}.MinSizeRel|x64.Build.0 = MinSizeRel|x64
		{CC242DF8-06E1-3DAC-BE8F-95526F56642E}.RelWithDebInfo|x64.ActiveCfg = RelWithDebInfo|x64
		{CC242DF8-06E1-3DAC-BE8F-95526F56642E}.RelWithDebInfo|x64.Build.0 = RelWithDebInfo|x64
		{1CA905BC-77AD-331B-8CBD-F41716EE5404}.Debug|x64.ActiveCfg = Debug|x64
		{1CA905BC-77AD-331B-8CBD-F41716EE5404}.Debug|x64.Build.0 = Debug|x64
		{1CA905BC-77AD-331B-8CBD-F41716EE5404}.Release|x64.ActiveCfg = Release|x64
		{1CA905BC-77AD-331B-8CBD-F41716EE5404}.Release|x64.Build.0 = Release|x64
		{1CA905BC-77AD-331B-8CBD-F41716EE5404}.MinSizeRel|x64.ActiveCfg = MinSizeRel|x64
		{1CA905BC-77AD-331B-8CBD-F41716EE5404}.MinSizeRel|x64.Build.0 = MinSizeRel|x64
		{1CA905BC-77AD-331B-8CBD-F41716EE5404}.RelWithDebInfo|x64.ActiveCfg = RelWithDebInfo|x64
		{1CA905BC-77AD-331B-8CBD-F41716EE5404}.RelWithDebInfo|x64.Build.0 = RelWithDebInfo|x64
		{9F2866A5-BC85-38CF-8ACB-728D19DE4CBE}.Debug|x64.ActiveCfg = Debug|x64
		{9F2866A5-BC85-38CF-8ACB-728D19DE4CBE}.Debug|x64.Build.0 = Debug|x64
		{9F2866A5-BC85-38CF-8ACB-728D19DE4CBE}.Release|x64.ActiveCfg = Release|x64
		{9F2866A5-BC85-38CF-8ACB-728D19DE4CBE}.Release|x64.Build.0 = Release|x64
		{9F2866A5-BC85-38CF-8ACB-728D19DE4CBE}.MinSizeRel|x64.ActiveCfg = MinSizeRel|x64
		{9F2866A5-BC85-38CF-8ACB-728D19DE4CBE}.MinSizeRel|x64.Build.0 = MinSizeRel|x64
		{9F2866A5-BC85-38CF-8ACB-728D19DE4CBE}.RelWithDebInfo|x64.ActiveCfg = RelWithDebInfo|x64
		{9F2866A5-BC85-38CF-8ACB-728D19DE4CBE}.RelWithDebInfo|x64.Build.0 = RelWithDebInfo|x64
		{773E6360-C228-33F5-9E9B-D19F07B2F7FD}.Debug|x64.ActiveCfg = Debug|x64
		{773E6360-C228-33F5-9E9B-D19F07B2F7FD}.Debug|x64.Build.0 = Debug|x64
		{773E6360-C228-33F5-9E9B-D19F07B2F7FD}.Release|x64.ActiveCfg = Release|x64
		{773E6360-C228-33F5-9E9B-D19F07B2F7FD}.Release|x64.Build.0 = Release|x64
		{773E6360-C228-33F5-9E9B-D19F07B2F7FD}.MinSizeRel|x64.ActiveCfg = MinSizeRel|x64
		{773E6360-C228-33F5-9E9B-D19F07B2F7FD}.MinSizeRel|x64.Build.0 = MinSizeRel|x64
		{773E6360-C228-33F5-9E9B-D19F07B2F7FD}.RelWithDebInfo|x64.ActiveCfg = RelWithDebInfo|x64
		{773E6360-C228-33F5-9E9B-D19F07B2F7FD}.RelWithDebInfo|x64.Build.0 = RelWithDebInfo|x64
		{A3D2BC00-6AD9-3208-8B9B-6BDA33F63269}.Debug|x64.ActiveCfg = Debug|x64
		{A3D2BC00-6AD9-3208-8B9B-6BDA33F63269}.Release|x64.ActiveCfg = Release|x64
		{A3D2BC00-6AD9-3208-8B9B-6BDA33F63269}.MinSizeRel|x64.ActiveCfg = MinSizeRel|x64
		{A3D2BC00-6AD9-3208-8B9B-6BDA33F63269}.RelWithDebInfo|x64.ActiveCfg = RelWithDebInfo|x64
		{2451A49A-0452-3DCC-A25B-C37973936D75}.Debug|x64.ActiveCfg = Debug|x64
		{2451A49A-0452-3DCC-A25B-C37973936D75}.Debug|x64.Build.0 = Debug|x64
		{2451A49A-0452-3DCC-A25B-C37973936D75}.Release|x64.ActiveCfg = Release|x64
		{2451A49A-0452-3DCC-A25B-C37973936D75}.Release|x64.Build.0 = Release|x64
		{2451A49A-0452-3DCC-A25B-C37973936D75}.MinSizeRel|x64.ActiveCfg = MinSizeRel|x64
		{2451A49A-0452-3DCC-A25B-C37973936D75}.MinSizeRel|x64.Build.0 = MinSizeRel|x64
		{2451A49A-0452-3DCC-A25B-C37973936D75}.RelWithDebInfo|x64.ActiveCfg = RelWithDebInfo|x64
		{2451A49A-0452-3DCC-A25B-C37973936D75}.RelWithDebInfo|x64.Build.0 = RelWithDebInfo|x64
		{47755AB8-A8C5-3F3F-818A-D88CE9ACCF83}.Debug|x64.ActiveCfg = Debug|x64
		{47755AB8-A8C5-3F3F-818A-D88CE9ACCF83}.Debug|x64.Build.0 = Debug|x64
		{47755AB8-A8C5-3F3F-818A-D88CE9ACCF83}.Release|x64.ActiveCfg = Release|x64
		{47755AB8-A8C5-3F3F-818A-D88CE9ACCF83}.Release|x64.Build.0 = Release|x64
		{47755AB8-A8C5-3F3F-818A-D88CE9ACCF83}.MinSizeRel|x64.ActiveCfg = MinSizeRel|x64
		{47755AB8-A8C5-3F3F-818A-D88CE9ACCF83}.MinSizeRel|x64.Build.0 = MinSizeRel|x64
		{47755AB8-A8C5-3F3F-818A-D88CE9ACCF83}.RelWithDebInfo|x64.ActiveCfg = RelWithDebInfo|x64
		{47755AB8-A8C5-3F3F-818A-D88CE9ACCF83}.RelWithDebInfo|x64.Build.0 = RelWithDebInfo|x64
		{3CE466E8-05DA-3FD4-A369-BC8B75E0B8D4}.Debug|x64.ActiveCfg = Debug|x64
		{3CE466E8-05DA-3FD4-A369-BC8B75E0B8D4}.Debug|x64.Build.0 = Debug|x64
		{3CE466E8-05DA-3FD4-A369-BC8B75E0B8D4}.Release|x64.ActiveCfg = Release|x64
		{3CE466E8-05DA-3FD4-A369-BC8B75E0B8D4}.Release|x64.Build.0 = Release|x64
		{3CE466E8-05DA-3FD4-A369-BC8B75E0B8D4}.MinSizeRel|x64.ActiveCfg = MinSizeRel|x64
		{3CE466E8-05DA-3FD4-A369-BC8B75E0B8D4}.MinSizeRel|x64.Build.0 = MinSizeRel|x64
		{3CE466E8-05DA-3FD4-A369-BC8B75E0B8D4}.RelWithDebInfo|x64.ActiveCfg = RelWithDebInfo|x64
		{3CE466E8-05DA-3FD4-A369-BC8B75E0B8D4}.RelWithDebInfo|x64.Build.0 = RelWithDebInfo|x64
		{015B157A-0D33-351A-97FE-C452A8F60672}.Debug|x64.ActiveCfg = Debug|x64
		{015B157A-0D33-351A-97FE-C452A8F60672}.Debug|x64.Build.0 = Debug|x64
		{015B157A-0D33-351A-97FE-C452A8F60672}.Release|x64.ActiveCfg = Release|x64
		{015B157A-0D33-351A-97FE-C452A8F60672}.Release|x64.Build.0 = Release|x64
		{015B157A-0D33-351A-97FE-C452A8F60672}.MinSizeRel|x64.ActiveCfg = MinSizeRel|x64
		{015B157A-0D33-351A-97FE-C452A8F60672}.MinSizeRel|x64.Build.0 = MinSizeRel|x64
		{015B157A-0D33-351A-97FE-C452A8F60672}.RelWithDebInfo|x64.ActiveCfg = RelWithDebInfo|x64
		{015B157A-0D33-351A-97FE-C452A8F60672}.RelWithDebInfo|x64.Build.0 = RelWithDebInfo|x64
		{1A0D9F7B-A981-335A-B857-FEE754FA3537}.Debug|x64.ActiveCfg = Debug|x64
		{1A0D9F7B-A981-335A-B857-FEE754FA3537}.Debug|x64.Build.0 = Debug|x64
		{1A0D9F7B-A981-335A-B857-FEE754FA3537}.Release|x64.ActiveCfg = Release|x64
		{1A0D9F7B-A981-335A-B857-FEE754FA3537}.Release|x64.Build.0 = Release|x64
		{1A0D9F7B-A981-335A-B857-FEE754FA3537}.MinSizeRel|x64.ActiveCfg = MinSizeRel|x64
		{1A0D9F7B-A981-335A-B857-FEE754FA3537}.MinSizeRel|x64.Build.0 = MinSizeRel|x64
		{1A0D9F7B-A981-335A-B857-FEE754FA3537}.RelWithDebInfo|x64.ActiveCfg = RelWithDebInfo|x64
		{1A0D9F7B-A981-335A-B857-FEE754FA3537}.RelWithDebInfo|x64.Build.0 = RelWithDebInfo|x64
		{5247F5C3-92A4-3275-A7E9-F1AA35ED8840}.Debug|x64.ActiveCfg = Debug|x64
		{5247F5C3-92A4-3275-A7E9-F1AA35ED8840}.Release|x64.ActiveCfg = Release|x64
		{5247F5C3-92A4-3275-A7E9-F1AA35ED8840}.MinSizeRel|x64.ActiveCfg = MinSizeRel|x64
		{5247F5C3-92A4-3275-A7E9-F1AA35ED8840}.RelWithDebInfo|x64.ActiveCfg = RelWithDebInfo|x64
		{30BFEE98-9142-38E4-B883-ACAAF4A6D1D2}.Debug|x64.ActiveCfg = Debug|x64
		{30BFEE98-9142-38E4-B883-ACAAF4A6D1D2}.Debug|x64.Build.0 = Debug|x64
		{30BFEE98-9142-38E4-B883-ACAAF4A6D1D2}.Release|x64.ActiveCfg = Release|x64
		{30BFEE98-9142-38E4-B883-ACAAF4A6D1D2}.Release|x64.Build.0 = Release|x64
		{30BFEE98-9142-38E4-B883-ACAAF4A6D1D2}.MinSizeRel|x64.ActiveCfg = MinSizeRel|x64
		{30BFEE98-9142-38E4-B883-ACAAF4A6D1D2}.MinSizeRel|x64.Build.0 = MinSizeRel|x64
		{30BFEE98-9142-38E4-B883-ACAAF4A6D1D2}.RelWithDebInfo|x64.ActiveCfg = RelWithDebInfo|x64
		{30BFEE98-9142-38E4-B883-ACAAF4A6D1D2}.RelWithDebInfo|x64.Build.0 = RelWithDebInfo|x64
		{FF9185E2-4DF9-335C-937D-318D5D4E165A}.Debug|x64.ActiveCfg = Debug|x64
		{FF9185E2-4DF9-335C-937D-318D5D4E165A}.Debug|x64.Build.0 = Debug|x64
		{FF9185E2-4DF9-335C-937D-318D5D4E165A}.Release|x64.ActiveCfg = Release|x64
		{FF9185E2-4DF9-335C-937D-318D5D4E165A}.Release|x64.Build.0 = Release|x64
		{FF9185E2-4DF9-335C-937D-318D5D4E165A}.MinSizeRel|x64.ActiveCfg = MinSizeRel|x64
		{FF9185E2-4DF9-335C-937D-318D5D4E165A}.MinSizeRel|x64.Build.0 = MinSizeRel|x64
		{FF9185E2-4DF9-335C-937D-318D5D4E165A}.RelWithDebInfo|x64.ActiveCfg = RelWithDebInfo|x64
		{FF9185E2-4DF9-335C-937D-318D5D4E165A}.RelWithDebInfo|x64.Build.0 = RelWithDebInfo|x64
		{1DC0A859-DFA1-3B4B-BA82-B5207A990781}.Debug|x64.ActiveCfg = Debug|x64
		{1DC0A859-DFA1-3B4B-BA82-B5207A990781}.Debug|x64.Build.0 = Debug|x64
		{1DC0A859-DFA1-3B4B-BA82-B5207A990781}.Release|x64.ActiveCfg = Release|x64
		{1DC0A859-DFA1-3B4B-BA82-B5207A990781}.Release|x64.Build.0 = Release|x64
		{1DC0A859-DFA1-3B4B-BA82-B5207A990781}.MinSizeRel|x64.ActiveCfg = MinSizeRel|x64
		{1DC0A859-DFA1-3B4B-BA82-B5207A990781}.MinSizeRel|x64.Build.0 = MinSizeRel|x64
		{1DC0A859-DFA1-3B4B-BA82-B5207A990781}.RelWithDebInfo|x64.ActiveCfg = RelWithDebInfo|x64
		{1DC0A859-DFA1-3B4B-BA82-B5207A990781}.RelWithDebInfo|x64.Build.0 = RelWithDebInfo|x64
		{C498B151-ADF1-39B6-8F31-85BBD737A81E}.Debug|x64.ActiveCfg = Debug|x64
		{C498B151-ADF1-39B6-8F31-85BBD737A81E}.Debug|x64.Build.0 = Debug|x64
		{C498B151-ADF1-39B6-8F31-85BBD737A81E}.Release|x64.ActiveCfg = Release|x64
		{C498B151-ADF1-39B6-8F31-85BBD737A81E}.Release|x64.Build.0 = Release|x64
		{C498B151-ADF1-39B6-8F31-85BBD737A81E}.MinSizeRel|x64.ActiveCfg = MinSizeRel|x64
		{C498B151-ADF1-39B6-8F31-85BBD737A81E}.MinSizeRel|x64.Build.0 = MinSizeRel|x64
		{C498B151-ADF1-39B6-8F31-85BBD737A81E}.RelWithDebInfo|x64.ActiveCfg = RelWithDebInfo|x64
		{C498B151-ADF1-39B6-8F31-85BBD737A81E}.RelWithDebInfo|x64.Build.0 = RelWithDebInfo|x64
		{E215B11D-F2C7-34E8-BBB4-343E7EE1E687}.Debug|x64.ActiveCfg = Debug|x64
		{E215B11D-F2C7-34E8-BBB4-343E7EE1E687}.Debug|x64.Build.0 = Debug|x64
		{E215B11D-F2C7-34E8-BBB4-343E7EE1E687}.Release|x64.ActiveCfg = Release|x64
		{E215B11D-F2C7-34E8-BBB4-343E7EE1E687}.Release|x64.Build.0 = Release|x64
		{E215B11D-F2C7-34E8-BBB4-343E7EE1E687}.MinSizeRel|x64.ActiveCfg = MinSizeRel|x64
		{E215B11D-F2C7-34E8-BBB4-343E7EE1E687}.MinSizeRel|x64.Build.0 = MinSizeRel|x64
		{E215B11D-F2C7-34E8-BBB4-343E7EE1E687}.RelWithDebInfo|x64.ActiveCfg = RelWithDebInfo|x64
		{E215B11D-F2C7-34E8-BBB4-343E7EE1E687}.RelWithDebInfo|x64.Build.0 = RelWithDebInfo|x64
		{FDD2593C-C577-37F1-B900-F5609AF4BA24}.Debug|x64.ActiveCfg = Debug|x64
		{FDD2593C-C577-37F1-B900-F5609AF4BA24}.Release|x64.ActiveCfg = Release|x64
		{FDD2593C-C577-37F1-B900-F5609AF4BA24}.MinSizeRel|x64.ActiveCfg = MinSizeRel|x64
		{FDD2593C-C577-37F1-B900-F5609AF4BA24}.RelWithDebInfo|x64.ActiveCfg = RelWithDebInfo|x64
		{C0AB7461-E295-30FB-A2CC-35AB0BB1A037}.Debug|x64.ActiveCfg = Debug|x64
		{C0AB7461-E295-30FB-A2CC-35AB0BB1A037}.Debug|x64.Build.0 = Debug|x64
		{C0AB7461-E295-30FB-A2CC-35AB0BB1A037}.Release|x64.ActiveCfg = Release|x64
		{C0AB7461-E295-30FB-A2CC-35AB0BB1A037}.Release|x64.Build.0 = Release|x64
		{C0AB7461-E295-30FB-A2CC-35AB0BB1A037}.MinSizeRel|x64.ActiveCfg = MinSizeRel|x64
		{C0AB7461-E295-30FB-A2CC-35AB0BB1A037}.MinSizeRel|x64.Build.0 = MinSizeRel|x64
		{C0AB7461-E295-30FB-A2CC-35AB0BB1A037}.RelWithDebInfo|x64.ActiveCfg = RelWithDebInfo|x64
		{C0AB7461-E295-30FB-A2CC-35AB0BB1A037}.RelWithDebInfo|x64.Build.0 = RelWithDebInfo|x64
		{04F8ADE2-018D-3260-B929-996CC670F1F6}.Debug|x64.ActiveCfg = Debug|x64
		{04F8ADE2-018D-3260-B929-996CC670F1F6}.Debug|x64.Build.0 = Debug|x64
		{04F8ADE2-018D-3260-B929-996CC670F1F6}.Release|x64.ActiveCfg = Release|x64
		{04F8ADE2-018D-3260-B929-996CC670F1F6}.Release|x64.Build.0 = Release|x64
		{04F8ADE2-018D-3260-B929-996CC670F1F6}.MinSizeRel|x64.ActiveCfg = MinSizeRel|x64
		{04F8ADE2-018D-3260-B929-996CC670F1F6}.MinSizeRel|x64.Build.0 = MinSizeRel|x64
		{04F8ADE2-018D-3260-B929-996CC670F1F6}.RelWithDebInfo|x64.ActiveCfg = RelWithDebInfo|x64
		{04F8ADE2-018D-3260-B929-996CC670F1F6}.RelWithDebInfo|x64.Build.0 = RelWithDebInfo|x64
		{1E32F1B9-31D4-3838-BC24-69C730475C86}.Debug|x64.ActiveCfg = Debug|x64
		{1E32F1B9-31D4-3838-BC24-69C730475C86}.Debug|x64.Build.0 = Debug|x64
		{1E32F1B9-31D4-3838-BC24-69C730475C86}.Release|x64.ActiveCfg = Release|x64
		{1E32F1B9-31D4-3838-BC24-69C730475C86}.Release|x64.Build.0 = Release|x64
		{1E32F1B9-31D4-3838-BC24-69C730475C86}.MinSizeRel|x64.ActiveCfg = MinSizeRel|x64
		{1E32F1B9-31D4-3838-BC24-69C730475C86}.MinSizeRel|x64.Build.0 = MinSizeRel|x64
		{1E32F1B9-31D4-3838-BC24-69C730475C86}.RelWithDebInfo|x64.ActiveCfg = RelWithDebInfo|x64
		{1E32F1B9-31D4-3838-BC24-69C730475C86}.RelWithDebInfo|x64.Build.0 = RelWithDebInfo|x64
		{31EB3823-B673-3F8D-B261-75CB902F25A9}.Debug|x64.ActiveCfg = Debug|x64
		{31EB3823-B673-3F8D-B261-75CB902F25A9}.Debug|x64.Build.0 = Debug|x64
		{31EB3823-B673-3F8D-B261-75CB902F25A9}.Release|x64.ActiveCfg = Release|x64
		{31EB3823-B673-3F8D-B261-75CB902F25A9}.Release|x64.Build.0 = Release|x64
		{31EB3823-B673-3F8D-B261-75CB902F25A9}.MinSizeRel|x64.ActiveCfg = MinSizeRel|x64
		{31EB3823-B673-3F8D-B261-75CB902F25A9}.MinSizeRel|x64.Build.0 = MinSizeRel|x64
		{31EB3823-B673-3F8D-B261-75CB902F25A9}.RelWithDebInfo|x64.ActiveCfg = RelWithDebInfo|x64
		{31EB3823-B673-3F8D-B261-75CB902F25A9}.RelWithDebInfo|x64.Build.0 = RelWithDebInfo|x64
		{EDA28A80-34B1-3621-BD98-C2576C9B2AA9}.Debug|x64.ActiveCfg = Debug|x64
		{EDA28A80-34B1-3621-BD98-C2576C9B2AA9}.Release|x64.ActiveCfg = Release|x64
		{EDA28A80-34B1-3621-BD98-C2576C9B2AA9}.MinSizeRel|x64.ActiveCfg = MinSizeRel|x64
		{EDA28A80-34B1-3621-BD98-C2576C9B2AA9}.RelWithDebInfo|x64.ActiveCfg = RelWithDebInfo|x64
		{E99A7BE1-785D-35D1-83F7-78DBD2BD1E4B}.Debug|x64.ActiveCfg = Debug|x64
		{E99A7BE1-785D-35D1-83F7-78DBD2BD1E4B}.Debug|x64.Build.0 = Debug|x64
		{E99A7BE1-785D-35D1-83F7-78DBD2BD1E4B}.Release|x64.ActiveCfg = Release|x64
		{E99A7BE1-785D-35D1-83F7-78DBD2BD1E4B}.Release|x64.Build.0 = Release|x64
		{E99A7BE1-785D-35D1-83F7-78DBD2BD1E4B}.MinSizeRel|x64.ActiveCfg = MinSizeRel|x64
		{E99A7BE1-785D-35D1-83F7-78DBD2BD1E4B}.MinSizeRel|x64.Build.0 = MinSizeRel|x64
		{E99A7BE1-785D-35D1-83F7-78DBD2BD1E4B}.RelWithDebInfo|x64.ActiveCfg = RelWithDebInfo|x64
		{E99A7BE1-785D-35D1-83F7-78DBD2BD1E4B}.RelWithDebInfo|x64.Build.0 = RelWithDebInfo|x64
	EndGlobalSection
	GlobalSection(NestedProjects) = preSolution
		{35CD9425-65DD-337B-B798-057391F489E1} = {9B328E56-98A7-36A4-8EAD-6E7B52BD7573}
		{FEA00E55-1987-33DA-8059-B4E48DBD348E} = {9B328E56-98A7-36A4-8EAD-6E7B52BD7573}
		{2CA11158-E580-3D88-BA6E-F5D8F8D2E4D3} = {9B328E56-98A7-36A4-8EAD-6E7B52BD7573}
		{DD63CF9B-6C19-3CC1-82A2-166768F2F6D1} = {9B328E56-98A7-36A4-8EAD-6E7B52BD7573}
		{3F99FFB5-E35B-300C-9C11-7C6362A851AF} = {EF5D4A19-AB39-3153-B80A-A6BB9F77C1EF}
		{F7548E91-ADA6-337D-BB0D-71F7EC3D0CB4} = {EF5D4A19-AB39-3153-B80A-A6BB9F77C1EF}
		{D73C82FD-7477-3AA2-B987-E23AAE1D8F61} = {EF5D4A19-AB39-3153-B80A-A6BB9F77C1EF}
		{CC242DF8-06E1-3DAC-BE8F-95526F56642E} = {EF5D4A19-AB39-3153-B80A-A6BB9F77C1EF}
		{773E6360-C228-33F5-9E9B-D19F07B2F7FD} = {F4B66DFC-CDBE-3153-A3CE-05F50E3740D6}
		{A3D2BC00-6AD9-3208-8B9B-6BDA33F63269} = {F4B66DFC-CDBE-3153-A3CE-05F50E3740D6}
		{2451A49A-0452-3DCC-A25B-C37973936D75} = {F4B66DFC-CDBE-3153-A3CE-05F50E3740D6}
		{47755AB8-A8C5-3F3F-818A-D88CE9ACCF83} = {F4B66DFC-CDBE-3153-A3CE-05F50E3740D6}
		{1A0D9F7B-A981-335A-B857-FEE754FA3537} = {9CA1F6CD-9362-3BA0-8127-A6379B0F1444}
		{5247F5C3-92A4-3275-A7E9-F1AA35ED8840} = {9CA1F6CD-9362-3BA0-8127-A6379B0F1444}
		{30BFEE98-9142-38E4-B883-ACAAF4A6D1D2} = {9CA1F6CD-9362-3BA0-8127-A6379B0F1444}
		{FF9185E2-4DF9-335C-937D-318D5D4E165A} = {9CA1F6CD-9362-3BA0-8127-A6379B0F1444}
		{E215B11D-F2C7-34E8-BBB4-343E7EE1E687} = {2E6A6F5A-EC08-329A-89BC-75C1046B0ED9}
		{FDD2593C-C577-37F1-B900-F5609AF4BA24} = {2E6A6F5A-EC08-329A-89BC-75C1046B0ED9}
		{C0AB7461-E295-30FB-A2CC-35AB0BB1A037} = {2E6A6F5A-EC08-329A-89BC-75C1046B0ED9}
		{04F8ADE2-018D-3260-B929-996CC670F1F6} = {2E6A6F5A-EC08-329A-89BC-75C1046B0ED9}
		{3FB85D1C-5BCB-3799-B9CA-5F81763F8527} = {1CE71196-EE73-39A4-BE44-B82CD306AA3B}
		{EDA28A80-34B1-3621-BD98-C2576C9B2AA9} = {1CE71196-EE73-39A4-BE44-B82CD306AA3B}
		{E99A7BE1-785D-35D1-83F7-78DBD2BD1E4B} = {1CE71196-EE73-39A4-BE44-B82CD306AA3B}
	EndGlobalSection
	GlobalSection(ExtensibilityGlobals) = postSolution
		SolutionGuid = {696481B1-998F-37CA-9D3F-D9DDB1ED3DA3}
	EndGlobalSection
	GlobalSection(ExtensibilityAddIns) = postSolution
	EndGlobalSection
EndGlobal
