<?xml version="1.0" encoding="utf-8"?>
<Project ToolsVersion="17.0" xmlns="http://schemas.microsoft.com/developer/msbuild/2003">
  <ItemGroup>
    <ClCompile Include="D:\Autigravity\wdm2vst\ASMRTOP_Plugins\JUCE\modules\juce_audio_plugin_client\juce_audio_plugin_client_AAX.cpp">
      <Filter>Source Files</Filter>
    </ClCompile>
    <ClCompile Include="D:\Autigravity\wdm2vst\ASMRTOP_Plugins\JUCE\modules\juce_audio_plugin_client\juce_audio_plugin_client_AAX_utils.cpp">
      <Filter>Source Files</Filter>
    </ClCompile>
    <ClCompile Include="D:\Autigravity\wdm2vst\ASMRTOP_Plugins\JUCE\modules\juce_audio_plugin_client\juce_audio_plugin_client_ARA.cpp">
      <Filter>Source Files</Filter>
    </ClCompile>
    <ClCompile Include="D:\Autigravity\wdm2vst\ASMRTOP_Plugins\JUCE\modules\juce_audio_plugin_client\juce_audio_plugin_client_LV2.cpp">
      <Filter>Source Files</Filter>
    </ClCompile>
    <ClCompile Include="D:\Autigravity\wdm2vst\ASMRTOP_Plugins\JUCE\modules\juce_audio_plugin_client\juce_audio_plugin_client_Standalone.cpp">
      <Filter>Source Files</Filter>
    </ClCompile>
    <ClCompile Include="D:\Autigravity\wdm2vst\ASMRTOP_Plugins\JUCE\modules\juce_audio_plugin_client\juce_audio_plugin_client_Unity.cpp">
      <Filter>Source Files</Filter>
    </ClCompile>
    <ClCompile Include="D:\Autigravity\wdm2vst\ASMRTOP_Plugins\JUCE\modules\juce_audio_plugin_client\juce_audio_plugin_client_VST2.cpp">
      <Filter>Source Files</Filter>
    </ClCompile>
    <ClCompile Include="D:\Autigravity\wdm2vst\ASMRTOP_Plugins\JUCE\modules\juce_audio_plugin_client\juce_audio_plugin_client_VST3.cpp">
      <Filter>Source Files</Filter>
    </ClCompile>
  </ItemGroup>
  <ItemGroup>
    <CustomBuild Include="D:\Autigravity\wdm2vst\ASMRTOP_Plugins\CMakeLists.txt" />
  </ItemGroup>
  <ItemGroup>
    <Object Include="D:\Autigravity\wdm2vst\ASMRTOP_Plugins\build_asmrtop\ASMRTOP_INST_WDM2VST_rc_lib.dir\$(Configuration)\ASMRTOP_INST_WDM2VST_resources.res">
      <Filter>Object Libraries</Filter>
    </Object>
  </ItemGroup>
  <ItemGroup>
    <Filter Include="Object Libraries">
      <UniqueIdentifier>{7BE20813-0CD1-3FF7-9E85-F47566C4BC7F}</UniqueIdentifier>
    </Filter>
    <Filter Include="Source Files">
      <UniqueIdentifier>{668B3DCC-D0C7-39D3-9EE8-EC887872B1E2}</UniqueIdentifier>
    </Filter>
  </ItemGroup>
</Project>
